// !$*UTF8*$!
{
	archiveVersion = 1;
	classes = {
	};
	objectVersion = 54;
	objects = {

/* Begin PBXBuildFile section */
		2D62DC1025DE4DF400A05E5E /* nahuoLoading.gif in Resources */ = {isa = PBXBuildFile; fileRef = 2D62DC0F25DE4DF400A05E5E /* nahuoLoading.gif */; };
		2DAF580A2E320F5500EDBDF1 /* 2025-03-16--2025-03-17.json in Resources */ = {isa = PBXBuildFile; fileRef = 2DAF57BF2E320F5500EDBDF1 /* 2025-03-16--2025-03-17.json */; };
		2DAF580B2E320F5500EDBDF1 /* 2025-03-19--2025-03-20.json in Resources */ = {isa = PBXBuildFile; fileRef = 2DAF57C12E320F5500EDBDF1 /* 2025-03-19--2025-03-20.json */; };
		2DAF580C2E320F5500EDBDF1 /* 2025-06-09--2025-06-10.json in Resources */ = {isa = PBXBuildFile; fileRef = 2DAF58032E320F5500EDBDF1 /* 2025-06-09--2025-06-10.json */; };
		2DAF580D2E320F5500EDBDF1 /* 2025-05-12--2025-05-13.json in Resources */ = {isa = PBXBuildFile; fileRef = 2DAF57EC2E320F5500EDBDF1 /* 2025-05-12--2025-05-13.json */; };
		2DAF580E2E320F5500EDBDF1 /* 2025-03-21--2025-03-22.json in Resources */ = {isa = PBXBuildFile; fileRef = 2DAF57C32E320F5500EDBDF1 /* 2025-03-21--2025-03-22.json */; };
		2DAF580F2E320F5500EDBDF1 /* 2025-04-28--2025-04-29.json in Resources */ = {isa = PBXBuildFile; fileRef = 2DAF57E12E320F5500EDBDF1 /* 2025-04-28--2025-04-29.json */; };
		2DAF58102E320F5500EDBDF1 /* 2025-01-10--2025-01-11.json in Resources */ = {isa = PBXBuildFile; fileRef = 2DAF578B2E320F5500EDBDF1 /* 2025-01-10--2025-01-11.json */; };
		2DAF58112E320F5500EDBDF1 /* 2025-02-26--2025-02-27.json in Resources */ = {isa = PBXBuildFile; fileRef = 2DAF57B02E320F5500EDBDF1 /* 2025-02-26--2025-02-27.json */; };
		2DAF58122E320F5500EDBDF1 /* 2025-01-03--2025-01-04.json in Resources */ = {isa = PBXBuildFile; fileRef = 2DAF57852E320F5500EDBDF1 /* 2025-01-03--2025-01-04.json */; };
		2DAF58132E320F5500EDBDF1 /* 2025-03-03--2025-03-04.json in Resources */ = {isa = PBXBuildFile; fileRef = 2DAF57B42E320F5500EDBDF1 /* 2025-03-03--2025-03-04.json */; };
		2DAF58142E320F5500EDBDF1 /* 2025-06-02--2025-06-03.json in Resources */ = {isa = PBXBuildFile; fileRef = 2DAF57FD2E320F5500EDBDF1 /* 2025-06-02--2025-06-03.json */; };
		2DAF58152E320F5500EDBDF1 /* 2025-02-22--2025-02-23.json in Resources */ = {isa = PBXBuildFile; fileRef = 2DAF57AD2E320F5500EDBDF1 /* 2025-02-22--2025-02-23.json */; };
		2DAF58162E320F5500EDBDF1 /* 2025-06-14--2025-06-15.json in Resources */ = {isa = PBXBuildFile; fileRef = 2DAF58072E320F5500EDBDF1 /* 2025-06-14--2025-06-15.json */; };
		2DAF58172E320F5500EDBDF1 /* 2025-03-30--2025-03-31.json in Resources */ = {isa = PBXBuildFile; fileRef = 2DAF57CA2E320F5500EDBDF1 /* 2025-03-30--2025-03-31.json */; };
		2DAF58182E320F5500EDBDF1 /* 2025-02-09--2025-02-10.json in Resources */ = {isa = PBXBuildFile; fileRef = 2DAF57A32E320F5500EDBDF1 /* 2025-02-09--2025-02-10.json */; };
		2DAF58192E320F5500EDBDF1 /* 2025-02-07--2025-02-08.json in Resources */ = {isa = PBXBuildFile; fileRef = 2DAF57A12E320F5500EDBDF1 /* 2025-02-07--2025-02-08.json */; };
		2DAF581A2E320F5500EDBDF1 /* 2025-05-23--2025-05-24.json in Resources */ = {isa = PBXBuildFile; fileRef = 2DAF57F52E320F5500EDBDF1 /* 2025-05-23--2025-05-24.json */; };
		2DAF581B2E320F5500EDBDF1 /* 2025-05-14--2025-05-15.json in Resources */ = {isa = PBXBuildFile; fileRef = 2DAF57EE2E320F5500EDBDF1 /* 2025-05-14--2025-05-15.json */; };
		2DAF581C2E320F5500EDBDF1 /* 2025-05-13--2025-05-14.json in Resources */ = {isa = PBXBuildFile; fileRef = 2DAF57ED2E320F5500EDBDF1 /* 2025-05-13--2025-05-14.json */; };
		2DAF581D2E320F5500EDBDF1 /* 2025-04-03--2025-04-04.json in Resources */ = {isa = PBXBuildFile; fileRef = 2DAF57CD2E320F5500EDBDF1 /* 2025-04-03--2025-04-04.json */; };
		2DAF581E2E320F5500EDBDF1 /* 2025-05-30--2025-05-31.json in Resources */ = {isa = PBXBuildFile; fileRef = 2DAF57FB2E320F5500EDBDF1 /* 2025-05-30--2025-05-31.json */; };
		2DAF581F2E320F5500EDBDF1 /* 2025-06-08--2025-06-09.json in Resources */ = {isa = PBXBuildFile; fileRef = 2DAF58022E320F5500EDBDF1 /* 2025-06-08--2025-06-09.json */; };
		2DAF58202E320F5500EDBDF1 /* 2025-05-20--2025-05-21.json in Resources */ = {isa = PBXBuildFile; fileRef = 2DAF57F32E320F5500EDBDF1 /* 2025-05-20--2025-05-21.json */; };
		2DAF58212E320F5500EDBDF1 /* 2025-01-25--2025-01-26.json in Resources */ = {isa = PBXBuildFile; fileRef = 2DAF57972E320F5500EDBDF1 /* 2025-01-25--2025-01-26.json */; };
		2DAF58222E320F5500EDBDF1 /* 2025-03-06--2025-03-07.json in Resources */ = {isa = PBXBuildFile; fileRef = 2DAF57B72E320F5500EDBDF1 /* 2025-03-06--2025-03-07.json */; };
		2DAF58232E320F5500EDBDF1 /* 2025-04-10--2025-04-11.json in Resources */ = {isa = PBXBuildFile; fileRef = 2DAF57D32E320F5500EDBDF1 /* 2025-04-10--2025-04-11.json */; };
		2DAF58242E320F5500EDBDF1 /* 2025-02-01--2025-02-02.json in Resources */ = {isa = PBXBuildFile; fileRef = 2DAF579C2E320F5500EDBDF1 /* 2025-02-01--2025-02-02.json */; };
		2DAF58252E320F5500EDBDF1 /* 2025-02-04--2025-02-05.json in Resources */ = {isa = PBXBuildFile; fileRef = 2DAF579F2E320F5500EDBDF1 /* 2025-02-04--2025-02-05.json */; };
		2DAF58262E320F5500EDBDF1 /* 2025-02-02--2025-02-03.json in Resources */ = {isa = PBXBuildFile; fileRef = 2DAF579D2E320F5500EDBDF1 /* 2025-02-02--2025-02-03.json */; };
		2DAF58272E320F5500EDBDF1 /* 2025-04-20--2025-04-21.json in Resources */ = {isa = PBXBuildFile; fileRef = 2DAF57DB2E320F5500EDBDF1 /* 2025-04-20--2025-04-21.json */; };
		2DAF58282E320F5500EDBDF1 /* 2025-04-22--2025-04-23.json in Resources */ = {isa = PBXBuildFile; fileRef = 2DAF57DC2E320F5500EDBDF1 /* 2025-04-22--2025-04-23.json */; };
		2DAF58292E320F5500EDBDF1 /* 2025-06-16--2025-06-17.json in Resources */ = {isa = PBXBuildFile; fileRef = 2DAF58082E320F5500EDBDF1 /* 2025-06-16--2025-06-17.json */; };
		2DAF582A2E320F5500EDBDF1 /* 2025-02-12--2025-02-13.json in Resources */ = {isa = PBXBuildFile; fileRef = 2DAF57A52E320F5500EDBDF1 /* 2025-02-12--2025-02-13.json */; };
		2DAF582B2E320F5500EDBDF1 /* 2025-04-14--2025-04-15.json in Resources */ = {isa = PBXBuildFile; fileRef = 2DAF57D62E320F5500EDBDF1 /* 2025-04-14--2025-04-15.json */; };
		2DAF582C2E320F5500EDBDF1 /* 2025-05-24--2025-05-25.json in Resources */ = {isa = PBXBuildFile; fileRef = 2DAF57F62E320F5500EDBDF1 /* 2025-05-24--2025-05-25.json */; };
		2DAF582D2E320F5500EDBDF1 /* 2025-01-09--2025-01-10.json in Resources */ = {isa = PBXBuildFile; fileRef = 2DAF578A2E320F5500EDBDF1 /* 2025-01-09--2025-01-10.json */; };
		2DAF582E2E320F5500EDBDF1 /* 2025-02-23--2025-02-24.json in Resources */ = {isa = PBXBuildFile; fileRef = 2DAF57AE2E320F5500EDBDF1 /* 2025-02-23--2025-02-24.json */; };
		2DAF582F2E320F5500EDBDF1 /* 2025-03-04--2025-03-05.json in Resources */ = {isa = PBXBuildFile; fileRef = 2DAF57B52E320F5500EDBDF1 /* 2025-03-04--2025-03-05.json */; };
		2DAF58302E320F5500EDBDF1 /* 2025-03-26--2025-03-27.json in Resources */ = {isa = PBXBuildFile; fileRef = 2DAF57C72E320F5500EDBDF1 /* 2025-03-26--2025-03-27.json */; };
		2DAF58312E320F5500EDBDF1 /* 2025-05-29--2025-05-30.json in Resources */ = {isa = PBXBuildFile; fileRef = 2DAF57FA2E320F5500EDBDF1 /* 2025-05-29--2025-05-30.json */; };
		2DAF58322E320F5500EDBDF1 /* 2025-01-08--2025-01-09.json in Resources */ = {isa = PBXBuildFile; fileRef = 2DAF57892E320F5500EDBDF1 /* 2025-01-08--2025-01-09.json */; };
		2DAF58332E320F5500EDBDF1 /* 2025-03-05--2025-03-06.json in Resources */ = {isa = PBXBuildFile; fileRef = 2DAF57B62E320F5500EDBDF1 /* 2025-03-05--2025-03-06.json */; };
		2DAF58342E320F5500EDBDF1 /* 2025-04-09--2025-04-10.json in Resources */ = {isa = PBXBuildFile; fileRef = 2DAF57D22E320F5500EDBDF1 /* 2025-04-09--2025-04-10.json */; };
		2DAF58352E320F5500EDBDF1 /* 2025-03-13--2025-03-14.json in Resources */ = {isa = PBXBuildFile; fileRef = 2DAF57BC2E320F5500EDBDF1 /* 2025-03-13--2025-03-14.json */; };
		2DAF58362E320F5500EDBDF1 /* 2025-05-09--2025-05-10.json in Resources */ = {isa = PBXBuildFile; fileRef = 2DAF57EA2E320F5500EDBDF1 /* 2025-05-09--2025-05-10.json */; };
		2DAF58372E320F5500EDBDF1 /* 2025-04-25--2025-04-26.json in Resources */ = {isa = PBXBuildFile; fileRef = 2DAF57DF2E320F5500EDBDF1 /* 2025-04-25--2025-04-26.json */; };
		2DAF58382E320F5500EDBDF1 /* 2025-01-15--2025-01-16.json in Resources */ = {isa = PBXBuildFile; fileRef = 2DAF578F2E320F5500EDBDF1 /* 2025-01-15--2025-01-16.json */; };
		2DAF58392E320F5500EDBDF1 /* 2025-01-12--2025-01-13.json in Resources */ = {isa = PBXBuildFile; fileRef = 2DAF578C2E320F5500EDBDF1 /* 2025-01-12--2025-01-13.json */; };
		2DAF583A2E320F5500EDBDF1 /* 2025-05-04--2025-05-05.json in Resources */ = {isa = PBXBuildFile; fileRef = 2DAF57E62E320F5500EDBDF1 /* 2025-05-04--2025-05-05.json */; };
		2DAF583B2E320F5500EDBDF1 /* 2025-04-27--2025-04-28.json in Resources */ = {isa = PBXBuildFile; fileRef = 2DAF57E02E320F5500EDBDF1 /* 2025-04-27--2025-04-28.json */; };
		2DAF583C2E320F5500EDBDF1 /* 2025-02-11--2025-02-12.json in Resources */ = {isa = PBXBuildFile; fileRef = 2DAF57A42E320F5500EDBDF1 /* 2025-02-11--2025-02-12.json */; };
		2DAF583D2E320F5500EDBDF1 /* 2025-01-23--2025-01-24.json in Resources */ = {isa = PBXBuildFile; fileRef = 2DAF57952E320F5500EDBDF1 /* 2025-01-23--2025-01-24.json */; };
		2DAF583E2E320F5500EDBDF1 /* 2025-01-19--2025-01-20.json in Resources */ = {isa = PBXBuildFile; fileRef = 2DAF57922E320F5500EDBDF1 /* 2025-01-19--2025-01-20.json */; };
		2DAF583F2E320F5500EDBDF1 /* 2025-02-27--2025-02-28.json in Resources */ = {isa = PBXBuildFile; fileRef = 2DAF57B12E320F5500EDBDF1 /* 2025-02-27--2025-02-28.json */; };
		2DAF58402E320F5500EDBDF1 /* 2025-03-31--2025-04-01.json in Resources */ = {isa = PBXBuildFile; fileRef = 2DAF57CB2E320F5500EDBDF1 /* 2025-03-31--2025-04-01.json */; };
		2DAF58412E320F5500EDBDF1 /* 2025-05-07--2025-05-08.json in Resources */ = {isa = PBXBuildFile; fileRef = 2DAF57E82E320F5500EDBDF1 /* 2025-05-07--2025-05-08.json */; };
		2DAF58422E320F5500EDBDF1 /* 2025-06-06--2025-06-07.json in Resources */ = {isa = PBXBuildFile; fileRef = 2DAF58002E320F5500EDBDF1 /* 2025-06-06--2025-06-07.json */; };
		2DAF58432E320F5500EDBDF1 /* 2025-05-17--2025-05-18.json in Resources */ = {isa = PBXBuildFile; fileRef = 2DAF57F02E320F5500EDBDF1 /* 2025-05-17--2025-05-18.json */; };
		2DAF58442E320F5500EDBDF1 /* 2025-02-24--2025-02-25.json in Resources */ = {isa = PBXBuildFile; fileRef = 2DAF57AF2E320F5500EDBDF1 /* 2025-02-24--2025-02-25.json */; };
		2DAF58452E320F5500EDBDF1 /* 2025-03-14--2025-03-15.json in Resources */ = {isa = PBXBuildFile; fileRef = 2DAF57BD2E320F5500EDBDF1 /* 2025-03-14--2025-03-15.json */; };
		2DAF58462E320F5500EDBDF1 /* 2025-01-18--2025-01-19.json in Resources */ = {isa = PBXBuildFile; fileRef = 2DAF57912E320F5500EDBDF1 /* 2025-01-18--2025-01-19.json */; };
		2DAF58472E320F5500EDBDF1 /* 2025-02-08--2025-02-09.json in Resources */ = {isa = PBXBuildFile; fileRef = 2DAF57A22E320F5500EDBDF1 /* 2025-02-08--2025-02-09.json */; };
		2DAF58482E320F5500EDBDF1 /* 2025-05-28--2025-05-29.json in Resources */ = {isa = PBXBuildFile; fileRef = 2DAF57F92E320F5500EDBDF1 /* 2025-05-28--2025-05-29.json */; };
		2DAF58492E320F5500EDBDF1 /* 2025-04-08--2025-04-09.json in Resources */ = {isa = PBXBuildFile; fileRef = 2DAF57D12E320F5500EDBDF1 /* 2025-04-08--2025-04-09.json */; };
		2DAF584A2E320F5500EDBDF1 /* 2025-03-20--2025-03-21.json in Resources */ = {isa = PBXBuildFile; fileRef = 2DAF57C22E320F5500EDBDF1 /* 2025-03-20--2025-03-21.json */; };
		2DAF584B2E320F5500EDBDF1 /* 2025-05-18--2025-05-19.json in Resources */ = {isa = PBXBuildFile; fileRef = 2DAF57F12E320F5500EDBDF1 /* 2025-05-18--2025-05-19.json */; };
		2DAF584C2E320F5500EDBDF1 /* 2025-03-08--2025-03-09.json in Resources */ = {isa = PBXBuildFile; fileRef = 2DAF57B82E320F5500EDBDF1 /* 2025-03-08--2025-03-09.json */; };
		2DAF584D2E320F5500EDBDF1 /* 2025-06-13--2025-06-14.json in Resources */ = {isa = PBXBuildFile; fileRef = 2DAF58062E320F5500EDBDF1 /* 2025-06-13--2025-06-14.json */; };
		2DAF584E2E320F5500EDBDF1 /* 2025-04-18--2025-04-19.json in Resources */ = {isa = PBXBuildFile; fileRef = 2DAF57D92E320F5500EDBDF1 /* 2025-04-18--2025-04-19.json */; };
		2DAF584F2E320F5500EDBDF1 /* 2025-02-18--2025-02-19.json in Resources */ = {isa = PBXBuildFile; fileRef = 2DAF57AA2E320F5500EDBDF1 /* 2025-02-18--2025-02-19.json */; };
		2DAF58502E320F5500EDBDF1 /* 2025-05-19--2025-05-20.json in Resources */ = {isa = PBXBuildFile; fileRef = 2DAF57F22E320F5500EDBDF1 /* 2025-05-19--2025-05-20.json */; };
		2DAF58512E320F5500EDBDF1 /* 2025-04-02--2025-04-03.json in Resources */ = {isa = PBXBuildFile; fileRef = 2DAF57CC2E320F5500EDBDF1 /* 2025-04-02--2025-04-03.json */; };
		2DAF58522E320F5500EDBDF1 /* 2025-02-17--2025-02-18.json in Resources */ = {isa = PBXBuildFile; fileRef = 2DAF57A92E320F5500EDBDF1 /* 2025-02-17--2025-02-18.json */; };
		2DAF58532E320F5500EDBDF1 /* 2025-06-17--2025-06-18.json in Resources */ = {isa = PBXBuildFile; fileRef = 2DAF58092E320F5500EDBDF1 /* 2025-06-17--2025-06-18.json */; };
		2DAF58542E320F5500EDBDF1 /* 2025-04-17--2025-04-18.json in Resources */ = {isa = PBXBuildFile; fileRef = 2DAF57D82E320F5500EDBDF1 /* 2025-04-17--2025-04-18.json */; };
		2DAF58552E320F5500EDBDF1 /* 2025-01-14--2025-01-15.json in Resources */ = {isa = PBXBuildFile; fileRef = 2DAF578E2E320F5500EDBDF1 /* 2025-01-14--2025-01-15.json */; };
		2DAF58562E320F5500EDBDF1 /* 2025-01-13--2025-01-14.json in Resources */ = {isa = PBXBuildFile; fileRef = 2DAF578D2E320F5500EDBDF1 /* 2025-01-13--2025-01-14.json */; };
		2DAF58572E320F5500EDBDF1 /* 2025-03-15--2025-03-16.json in Resources */ = {isa = PBXBuildFile; fileRef = 2DAF57BE2E320F5500EDBDF1 /* 2025-03-15--2025-03-16.json */; };
		2DAF58582E320F5500EDBDF1 /* 2025-04-15--2025-04-16.json in Resources */ = {isa = PBXBuildFile; fileRef = 2DAF57D72E320F5500EDBDF1 /* 2025-04-15--2025-04-16.json */; };
		2DAF58592E320F5500EDBDF1 /* 2025-06-03--2025-06-04.json in Resources */ = {isa = PBXBuildFile; fileRef = 2DAF57FE2E320F5500EDBDF1 /* 2025-06-03--2025-06-04.json */; };
		2DAF585A2E320F5500EDBDF1 /* 2025-01-29--2025-01-30.json in Resources */ = {isa = PBXBuildFile; fileRef = 2DAF579A2E320F5500EDBDF1 /* 2025-01-29--2025-01-30.json */; };
		2DAF585B2E320F5500EDBDF1 /* 2025-02-13--2025-02-14.json in Resources */ = {isa = PBXBuildFile; fileRef = 2DAF57A62E320F5500EDBDF1 /* 2025-02-13--2025-02-14.json */; };
		2DAF585C2E320F5500EDBDF1 /* 2025-03-18--2025-03-19.json in Resources */ = {isa = PBXBuildFile; fileRef = 2DAF57C02E320F5500EDBDF1 /* 2025-03-18--2025-03-19.json */; };
		2DAF585D2E320F5500EDBDF1 /* 2025-06-01--2025-06-02.json in Resources */ = {isa = PBXBuildFile; fileRef = 2DAF57FC2E320F5500EDBDF1 /* 2025-06-01--2025-06-02.json */; };
		2DAF585E2E320F5500EDBDF1 /* 2025-01-28--2025-01-29.json in Resources */ = {isa = PBXBuildFile; fileRef = 2DAF57992E320F5500EDBDF1 /* 2025-01-28--2025-01-29.json */; };
		2DAF585F2E320F5500EDBDF1 /* 2025-06-07--2025-06-08.json in Resources */ = {isa = PBXBuildFile; fileRef = 2DAF58012E320F5500EDBDF1 /* 2025-06-07--2025-06-08.json */; };
		2DAF58602E320F5500EDBDF1 /* 2025-04-24--2025-04-25.json in Resources */ = {isa = PBXBuildFile; fileRef = 2DAF57DE2E320F5500EDBDF1 /* 2025-04-24--2025-04-25.json */; };
		2DAF58612E320F5500EDBDF1 /* 2025-04-05--2025-04-06.json in Resources */ = {isa = PBXBuildFile; fileRef = 2DAF57CF2E320F5500EDBDF1 /* 2025-04-05--2025-04-06.json */; };
		2DAF58622E320F5500EDBDF1 /* 2025-05-15--2025-05-16.json in Resources */ = {isa = PBXBuildFile; fileRef = 2DAF57EF2E320F5500EDBDF1 /* 2025-05-15--2025-05-16.json */; };
		2DAF58632E320F5500EDBDF1 /* 2025-05-10--2025-05-11.json in Resources */ = {isa = PBXBuildFile; fileRef = 2DAF57EB2E320F5500EDBDF1 /* 2025-05-10--2025-05-11.json */; };
		2DAF58642E320F5500EDBDF1 /* 2025-04-29--2025-04-30.json in Resources */ = {isa = PBXBuildFile; fileRef = 2DAF57E22E320F5500EDBDF1 /* 2025-04-29--2025-04-30.json */; };
		2DAF58652E320F5500EDBDF1 /* 2025-06-11--2025-06-12.json in Resources */ = {isa = PBXBuildFile; fileRef = 2DAF58042E320F5500EDBDF1 /* 2025-06-11--2025-06-12.json */; };
		2DAF58662E320F5500EDBDF1 /* 2025-03-25--2025-03-26.json in Resources */ = {isa = PBXBuildFile; fileRef = 2DAF57C62E320F5500EDBDF1 /* 2025-03-25--2025-03-26.json */; };
		2DAF58672E320F5500EDBDF1 /* 2025-03-11--2025-03-12.json in Resources */ = {isa = PBXBuildFile; fileRef = 2DAF57BB2E320F5500EDBDF1 /* 2025-03-11--2025-03-12.json */; };
		2DAF58682E320F5500EDBDF1 /* 2025-01-20--2025-01-21.json in Resources */ = {isa = PBXBuildFile; fileRef = 2DAF57932E320F5500EDBDF1 /* 2025-01-20--2025-01-21.json */; };
		2DAF58692E320F5500EDBDF1 /* 2025-03-23--2025-03-24.json in Resources */ = {isa = PBXBuildFile; fileRef = 2DAF57C42E320F5500EDBDF1 /* 2025-03-23--2025-03-24.json */; };
		2DAF586A2E320F5500EDBDF1 /* 2025-04-19--2025-04-20.json in Resources */ = {isa = PBXBuildFile; fileRef = 2DAF57DA2E320F5500EDBDF1 /* 2025-04-19--2025-04-20.json */; };
		2DAF586B2E320F5500EDBDF1 /* 2025-05-05--2025-05-06.json in Resources */ = {isa = PBXBuildFile; fileRef = 2DAF57E72E320F5500EDBDF1 /* 2025-05-05--2025-05-06.json */; };
		2DAF586C2E320F5500EDBDF1 /* 2025-06-04--2025-06-05.json in Resources */ = {isa = PBXBuildFile; fileRef = 2DAF57FF2E320F5500EDBDF1 /* 2025-06-04--2025-06-05.json */; };
		2DAF586D2E320F5500EDBDF1 /* 2025-04-23--2025-04-24.json in Resources */ = {isa = PBXBuildFile; fileRef = 2DAF57DD2E320F5500EDBDF1 /* 2025-04-23--2025-04-24.json */; };
		2DAF586E2E320F5500EDBDF1 /* 2025-01-04--2025-01-05.json in Resources */ = {isa = PBXBuildFile; fileRef = 2DAF57862E320F5500EDBDF1 /* 2025-01-04--2025-01-05.json */; };
		2DAF586F2E320F5500EDBDF1 /* 2025-01-30--2025-01-31.json in Resources */ = {isa = PBXBuildFile; fileRef = 2DAF579B2E320F5500EDBDF1 /* 2025-01-30--2025-01-31.json */; };
		2DAF58702E320F5500EDBDF1 /* 2025-05-03--2025-05-04.json in Resources */ = {isa = PBXBuildFile; fileRef = 2DAF57E52E320F5500EDBDF1 /* 2025-05-03--2025-05-04.json */; };
		2DAF58712E320F5500EDBDF1 /* 2025-06-12--2025-06-13.json in Resources */ = {isa = PBXBuildFile; fileRef = 2DAF58052E320F5500EDBDF1 /* 2025-06-12--2025-06-13.json */; };
		2DAF58722E320F5500EDBDF1 /* 2025-02-06--2025-02-07.json in Resources */ = {isa = PBXBuildFile; fileRef = 2DAF57A02E320F5500EDBDF1 /* 2025-02-06--2025-02-07.json */; };
		2DAF58732E320F5500EDBDF1 /* 2025-04-07--2025-04-08.json in Resources */ = {isa = PBXBuildFile; fileRef = 2DAF57D02E320F5500EDBDF1 /* 2025-04-07--2025-04-08.json */; };
		2DAF58742E320F5500EDBDF1 /* 2025-01-24--2025-01-25.json in Resources */ = {isa = PBXBuildFile; fileRef = 2DAF57962E320F5500EDBDF1 /* 2025-01-24--2025-01-25.json */; };
		2DAF58752E320F5500EDBDF1 /* 2025-01-22--2025-01-23.json in Resources */ = {isa = PBXBuildFile; fileRef = 2DAF57942E320F5500EDBDF1 /* 2025-01-22--2025-01-23.json */; };
		2DAF58762E320F5500EDBDF1 /* 2025-01-02--2025-01-03.json in Resources */ = {isa = PBXBuildFile; fileRef = 2DAF57842E320F5500EDBDF1 /* 2025-01-02--2025-01-03.json */; };
		2DAF58772E320F5500EDBDF1 /* 2025-02-16--2025-02-17.json in Resources */ = {isa = PBXBuildFile; fileRef = 2DAF57A82E320F5500EDBDF1 /* 2025-02-16--2025-02-17.json */; };
		2DAF58782E320F5500EDBDF1 /* 2025-03-09--2025-03-10.json in Resources */ = {isa = PBXBuildFile; fileRef = 2DAF57B92E320F5500EDBDF1 /* 2025-03-09--2025-03-10.json */; };
		2DAF58792E320F5500EDBDF1 /* 2025-03-28--2025-03-29.json in Resources */ = {isa = PBXBuildFile; fileRef = 2DAF57C82E320F5500EDBDF1 /* 2025-03-28--2025-03-29.json */; };
		2DAF587A2E320F5500EDBDF1 /* 2025-03-29--2025-03-30.json in Resources */ = {isa = PBXBuildFile; fileRef = 2DAF57C92E320F5500EDBDF1 /* 2025-03-29--2025-03-30.json */; };
		2DAF587B2E320F5500EDBDF1 /* 2025-01-07--2025-01-08.json in Resources */ = {isa = PBXBuildFile; fileRef = 2DAF57882E320F5500EDBDF1 /* 2025-01-07--2025-01-08.json */; };
		2DAF587C2E320F5500EDBDF1 /* 2025-02-28--2025-03-01.json in Resources */ = {isa = PBXBuildFile; fileRef = 2DAF57B22E320F5500EDBDF1 /* 2025-02-28--2025-03-01.json */; };
		2DAF587D2E320F5500EDBDF1 /* 2025-05-25--2025-05-26.json in Resources */ = {isa = PBXBuildFile; fileRef = 2DAF57F72E320F5500EDBDF1 /* 2025-05-25--2025-05-26.json */; };
		2DAF587E2E320F5500EDBDF1 /* 2025-05-27--2025-05-28.json in Resources */ = {isa = PBXBuildFile; fileRef = 2DAF57F82E320F5500EDBDF1 /* 2025-05-27--2025-05-28.json */; };
		2DAF587F2E320F5500EDBDF1 /* 2025-04-13--2025-04-14.json in Resources */ = {isa = PBXBuildFile; fileRef = 2DAF57D52E320F5500EDBDF1 /* 2025-04-13--2025-04-14.json */; };
		2DAF58802E320F5500EDBDF1 /* 2025-02-21--2025-02-22.json in Resources */ = {isa = PBXBuildFile; fileRef = 2DAF57AC2E320F5500EDBDF1 /* 2025-02-21--2025-02-22.json */; };
		2DAF58812E320F5500EDBDF1 /* 2025-04-04--2025-04-05.json in Resources */ = {isa = PBXBuildFile; fileRef = 2DAF57CE2E320F5500EDBDF1 /* 2025-04-04--2025-04-05.json */; };
		2DAF58822E320F5500EDBDF1 /* 2025-02-14--2025-02-15.json in Resources */ = {isa = PBXBuildFile; fileRef = 2DAF57A72E320F5500EDBDF1 /* 2025-02-14--2025-02-15.json */; };
		2DAF58832E320F5500EDBDF1 /* 2025-01-27--2025-01-28.json in Resources */ = {isa = PBXBuildFile; fileRef = 2DAF57982E320F5500EDBDF1 /* 2025-01-27--2025-01-28.json */; };
		2DAF58842E320F5500EDBDF1 /* 2025-05-08--2025-05-09.json in Resources */ = {isa = PBXBuildFile; fileRef = 2DAF57E92E320F5500EDBDF1 /* 2025-05-08--2025-05-09.json */; };
		2DAF58852E320F5500EDBDF1 /* 2025-01-17--2025-01-18.json in Resources */ = {isa = PBXBuildFile; fileRef = 2DAF57902E320F5500EDBDF1 /* 2025-01-17--2025-01-18.json */; };
		2DAF58862E320F5500EDBDF1 /* 2025-03-10--2025-03-11.json in Resources */ = {isa = PBXBuildFile; fileRef = 2DAF57BA2E320F5500EDBDF1 /* 2025-03-10--2025-03-11.json */; };
		2DAF58872E320F5500EDBDF1 /* 2025-03-24--2025-03-25.json in Resources */ = {isa = PBXBuildFile; fileRef = 2DAF57C52E320F5500EDBDF1 /* 2025-03-24--2025-03-25.json */; };
		2DAF58882E320F5500EDBDF1 /* 2025-01-05--2025-01-06.json in Resources */ = {isa = PBXBuildFile; fileRef = 2DAF57872E320F5500EDBDF1 /* 2025-01-05--2025-01-06.json */; };
		2DAF58892E320F5500EDBDF1 /* 2025-05-02--2025-05-03.json in Resources */ = {isa = PBXBuildFile; fileRef = 2DAF57E42E320F5500EDBDF1 /* 2025-05-02--2025-05-03.json */; };
		2DAF588A2E320F5500EDBDF1 /* 2025-02-19--2025-02-20.json in Resources */ = {isa = PBXBuildFile; fileRef = 2DAF57AB2E320F5500EDBDF1 /* 2025-02-19--2025-02-20.json */; };
		2DAF588B2E320F5500EDBDF1 /* 2025-04-30--2025-05-01.json in Resources */ = {isa = PBXBuildFile; fileRef = 2DAF57E32E320F5500EDBDF1 /* 2025-04-30--2025-05-01.json */; };
		2DAF588C2E320F5500EDBDF1 /* 2025-03-01--2025-03-02.json in Resources */ = {isa = PBXBuildFile; fileRef = 2DAF57B32E320F5500EDBDF1 /* 2025-03-01--2025-03-02.json */; };
		2DAF588D2E320F5500EDBDF1 /* 2025-04-12--2025-04-13.json in Resources */ = {isa = PBXBuildFile; fileRef = 2DAF57D42E320F5500EDBDF1 /* 2025-04-12--2025-04-13.json */; };
		2DAF588E2E320F5500EDBDF1 /* 2025-05-22--2025-05-23.json in Resources */ = {isa = PBXBuildFile; fileRef = 2DAF57F42E320F5500EDBDF1 /* 2025-05-22--2025-05-23.json */; };
		2DAF588F2E320F5500EDBDF1 /* 2025-02-03--2025-02-04.json in Resources */ = {isa = PBXBuildFile; fileRef = 2DAF579E2E320F5500EDBDF1 /* 2025-02-03--2025-02-04.json */; };
		2DEA410325D002E1008FA2A8 /* AppDelegate.m in Sources */ = {isa = PBXBuildFile; fileRef = 2DEA410225D002E1008FA2A8 /* AppDelegate.m */; };
		2DEA410625D002E1008FA2A8 /* SceneDelegate.m in Sources */ = {isa = PBXBuildFile; fileRef = 2DEA410525D002E1008FA2A8 /* SceneDelegate.m */; };
		2DEA410925D002E1008FA2A8 /* ViewController.m in Sources */ = {isa = PBXBuildFile; fileRef = 2DEA410825D002E1008FA2A8 /* ViewController.m */; };
		2DEA410C25D002E1008FA2A8 /* Main.storyboard in Resources */ = {isa = PBXBuildFile; fileRef = 2DEA410A25D002E1008FA2A8 /* Main.storyboard */; };
		2DEA410E25D002E3008FA2A8 /* Assets.xcassets in Resources */ = {isa = PBXBuildFile; fileRef = 2DEA410D25D002E3008FA2A8 /* Assets.xcassets */; };
		2DEA411125D002E3008FA2A8 /* LaunchScreen.storyboard in Resources */ = {isa = PBXBuildFile; fileRef = 2DEA410F25D002E3008FA2A8 /* LaunchScreen.storyboard */; };
		2DEA411425D002E3008FA2A8 /* main.m in Sources */ = {isa = PBXBuildFile; fileRef = 2DEA411325D002E3008FA2A8 /* main.m */; };
		2DEA411E25D002E3008FA2A8 /* FrameTests.m in Sources */ = {isa = PBXBuildFile; fileRef = 2DEA411D25D002E3008FA2A8 /* FrameTests.m */; };
		2DEA412925D002E3008FA2A8 /* FrameUITests.m in Sources */ = {isa = PBXBuildFile; fileRef = 2DEA412825D002E3008FA2A8 /* FrameUITests.m */; };
		EF2BF7E6882DC4D4911E05D3 /* libPods-Frame.a in Frameworks */ = {isa = PBXBuildFile; fileRef = 03351BF5F8F17E8147C5D197 /* libPods-Frame.a */; };
/* End PBXBuildFile section */

/* Begin PBXContainerItemProxy section */
		2DEA411A25D002E3008FA2A8 /* PBXContainerItemProxy */ = {
			isa = PBXContainerItemProxy;
			containerPortal = 2DEA40F625D002E1008FA2A8 /* Project object */;
			proxyType = 1;
			remoteGlobalIDString = 2DEA40FD25D002E1008FA2A8;
			remoteInfo = Frame;
		};
		2DEA412525D002E3008FA2A8 /* PBXContainerItemProxy */ = {
			isa = PBXContainerItemProxy;
			containerPortal = 2DEA40F625D002E1008FA2A8 /* Project object */;
			proxyType = 1;
			remoteGlobalIDString = 2DEA40FD25D002E1008FA2A8;
			remoteInfo = Frame;
		};
/* End PBXContainerItemProxy section */

/* Begin PBXFileReference section */
		03351BF5F8F17E8147C5D197 /* libPods-Frame.a */ = {isa = PBXFileReference; explicitFileType = archive.ar; includeInIndex = 0; path = "libPods-Frame.a"; sourceTree = BUILT_PRODUCTS_DIR; };
		2D62DC0F25DE4DF400A05E5E /* nahuoLoading.gif */ = {isa = PBXFileReference; lastKnownFileType = image.gif; path = nahuoLoading.gif; sourceTree = "<group>"; };
		2DAF57842E320F5500EDBDF1 /* 2025-01-02--2025-01-03.json */ = {isa = PBXFileReference; lastKnownFileType = text.json; path = "2025-01-02--2025-01-03.json"; sourceTree = "<group>"; };
		2DAF57852E320F5500EDBDF1 /* 2025-01-03--2025-01-04.json */ = {isa = PBXFileReference; lastKnownFileType = text.json; path = "2025-01-03--2025-01-04.json"; sourceTree = "<group>"; };
		2DAF57862E320F5500EDBDF1 /* 2025-01-04--2025-01-05.json */ = {isa = PBXFileReference; lastKnownFileType = text.json; path = "2025-01-04--2025-01-05.json"; sourceTree = "<group>"; };
		2DAF57872E320F5500EDBDF1 /* 2025-01-05--2025-01-06.json */ = {isa = PBXFileReference; lastKnownFileType = text.json; path = "2025-01-05--2025-01-06.json"; sourceTree = "<group>"; };
		2DAF57882E320F5500EDBDF1 /* 2025-01-07--2025-01-08.json */ = {isa = PBXFileReference; lastKnownFileType = text.json; path = "2025-01-07--2025-01-08.json"; sourceTree = "<group>"; };
		2DAF57892E320F5500EDBDF1 /* 2025-01-08--2025-01-09.json */ = {isa = PBXFileReference; lastKnownFileType = text.json; path = "2025-01-08--2025-01-09.json"; sourceTree = "<group>"; };
		2DAF578A2E320F5500EDBDF1 /* 2025-01-09--2025-01-10.json */ = {isa = PBXFileReference; lastKnownFileType = text.json; path = "2025-01-09--2025-01-10.json"; sourceTree = "<group>"; };
		2DAF578B2E320F5500EDBDF1 /* 2025-01-10--2025-01-11.json */ = {isa = PBXFileReference; lastKnownFileType = text.json; path = "2025-01-10--2025-01-11.json"; sourceTree = "<group>"; };
		2DAF578C2E320F5500EDBDF1 /* 2025-01-12--2025-01-13.json */ = {isa = PBXFileReference; lastKnownFileType = text.json; path = "2025-01-12--2025-01-13.json"; sourceTree = "<group>"; };
		2DAF578D2E320F5500EDBDF1 /* 2025-01-13--2025-01-14.json */ = {isa = PBXFileReference; lastKnownFileType = text.json; path = "2025-01-13--2025-01-14.json"; sourceTree = "<group>"; };
		2DAF578E2E320F5500EDBDF1 /* 2025-01-14--2025-01-15.json */ = {isa = PBXFileReference; lastKnownFileType = text.json; path = "2025-01-14--2025-01-15.json"; sourceTree = "<group>"; };
		2DAF578F2E320F5500EDBDF1 /* 2025-01-15--2025-01-16.json */ = {isa = PBXFileReference; lastKnownFileType = text.json; path = "2025-01-15--2025-01-16.json"; sourceTree = "<group>"; };
		2DAF57902E320F5500EDBDF1 /* 2025-01-17--2025-01-18.json */ = {isa = PBXFileReference; lastKnownFileType = text.json; path = "2025-01-17--2025-01-18.json"; sourceTree = "<group>"; };
		2DAF57912E320F5500EDBDF1 /* 2025-01-18--2025-01-19.json */ = {isa = PBXFileReference; lastKnownFileType = text.json; path = "2025-01-18--2025-01-19.json"; sourceTree = "<group>"; };
		2DAF57922E320F5500EDBDF1 /* 2025-01-19--2025-01-20.json */ = {isa = PBXFileReference; lastKnownFileType = text.json; path = "2025-01-19--2025-01-20.json"; sourceTree = "<group>"; };
		2DAF57932E320F5500EDBDF1 /* 2025-01-20--2025-01-21.json */ = {isa = PBXFileReference; lastKnownFileType = text.json; path = "2025-01-20--2025-01-21.json"; sourceTree = "<group>"; };
		2DAF57942E320F5500EDBDF1 /* 2025-01-22--2025-01-23.json */ = {isa = PBXFileReference; lastKnownFileType = text.json; path = "2025-01-22--2025-01-23.json"; sourceTree = "<group>"; };
		2DAF57952E320F5500EDBDF1 /* 2025-01-23--2025-01-24.json */ = {isa = PBXFileReference; lastKnownFileType = text.json; path = "2025-01-23--2025-01-24.json"; sourceTree = "<group>"; };
		2DAF57962E320F5500EDBDF1 /* 2025-01-24--2025-01-25.json */ = {isa = PBXFileReference; lastKnownFileType = text.json; path = "2025-01-24--2025-01-25.json"; sourceTree = "<group>"; };
		2DAF57972E320F5500EDBDF1 /* 2025-01-25--2025-01-26.json */ = {isa = PBXFileReference; lastKnownFileType = text.json; path = "2025-01-25--2025-01-26.json"; sourceTree = "<group>"; };
		2DAF57982E320F5500EDBDF1 /* 2025-01-27--2025-01-28.json */ = {isa = PBXFileReference; lastKnownFileType = text.json; path = "2025-01-27--2025-01-28.json"; sourceTree = "<group>"; };
		2DAF57992E320F5500EDBDF1 /* 2025-01-28--2025-01-29.json */ = {isa = PBXFileReference; lastKnownFileType = text.json; path = "2025-01-28--2025-01-29.json"; sourceTree = "<group>"; };
		2DAF579A2E320F5500EDBDF1 /* 2025-01-29--2025-01-30.json */ = {isa = PBXFileReference; lastKnownFileType = text.json; path = "2025-01-29--2025-01-30.json"; sourceTree = "<group>"; };
		2DAF579B2E320F5500EDBDF1 /* 2025-01-30--2025-01-31.json */ = {isa = PBXFileReference; lastKnownFileType = text.json; path = "2025-01-30--2025-01-31.json"; sourceTree = "<group>"; };
		2DAF579C2E320F5500EDBDF1 /* 2025-02-01--2025-02-02.json */ = {isa = PBXFileReference; lastKnownFileType = text.json; path = "2025-02-01--2025-02-02.json"; sourceTree = "<group>"; };
		2DAF579D2E320F5500EDBDF1 /* 2025-02-02--2025-02-03.json */ = {isa = PBXFileReference; lastKnownFileType = text.json; path = "2025-02-02--2025-02-03.json"; sourceTree = "<group>"; };
		2DAF579E2E320F5500EDBDF1 /* 2025-02-03--2025-02-04.json */ = {isa = PBXFileReference; lastKnownFileType = text.json; path = "2025-02-03--2025-02-04.json"; sourceTree = "<group>"; };
		2DAF579F2E320F5500EDBDF1 /* 2025-02-04--2025-02-05.json */ = {isa = PBXFileReference; lastKnownFileType = text.json; path = "2025-02-04--2025-02-05.json"; sourceTree = "<group>"; };
		2DAF57A02E320F5500EDBDF1 /* 2025-02-06--2025-02-07.json */ = {isa = PBXFileReference; lastKnownFileType = text.json; path = "2025-02-06--2025-02-07.json"; sourceTree = "<group>"; };
		2DAF57A12E320F5500EDBDF1 /* 2025-02-07--2025-02-08.json */ = {isa = PBXFileReference; lastKnownFileType = text.json; path = "2025-02-07--2025-02-08.json"; sourceTree = "<group>"; };
		2DAF57A22E320F5500EDBDF1 /* 2025-02-08--2025-02-09.json */ = {isa = PBXFileReference; lastKnownFileType = text.json; path = "2025-02-08--2025-02-09.json"; sourceTree = "<group>"; };
		2DAF57A32E320F5500EDBDF1 /* 2025-02-09--2025-02-10.json */ = {isa = PBXFileReference; lastKnownFileType = text.json; path = "2025-02-09--2025-02-10.json"; sourceTree = "<group>"; };
		2DAF57A42E320F5500EDBDF1 /* 2025-02-11--2025-02-12.json */ = {isa = PBXFileReference; lastKnownFileType = text.json; path = "2025-02-11--2025-02-12.json"; sourceTree = "<group>"; };
		2DAF57A52E320F5500EDBDF1 /* 2025-02-12--2025-02-13.json */ = {isa = PBXFileReference; lastKnownFileType = text.json; path = "2025-02-12--2025-02-13.json"; sourceTree = "<group>"; };
		2DAF57A62E320F5500EDBDF1 /* 2025-02-13--2025-02-14.json */ = {isa = PBXFileReference; lastKnownFileType = text.json; path = "2025-02-13--2025-02-14.json"; sourceTree = "<group>"; };
		2DAF57A72E320F5500EDBDF1 /* 2025-02-14--2025-02-15.json */ = {isa = PBXFileReference; lastKnownFileType = text.json; path = "2025-02-14--2025-02-15.json"; sourceTree = "<group>"; };
		2DAF57A82E320F5500EDBDF1 /* 2025-02-16--2025-02-17.json */ = {isa = PBXFileReference; lastKnownFileType = text.json; path = "2025-02-16--2025-02-17.json"; sourceTree = "<group>"; };
		2DAF57A92E320F5500EDBDF1 /* 2025-02-17--2025-02-18.json */ = {isa = PBXFileReference; lastKnownFileType = text.json; path = "2025-02-17--2025-02-18.json"; sourceTree = "<group>"; };
		2DAF57AA2E320F5500EDBDF1 /* 2025-02-18--2025-02-19.json */ = {isa = PBXFileReference; lastKnownFileType = text.json; path = "2025-02-18--2025-02-19.json"; sourceTree = "<group>"; };
		2DAF57AB2E320F5500EDBDF1 /* 2025-02-19--2025-02-20.json */ = {isa = PBXFileReference; lastKnownFileType = text.json; path = "2025-02-19--2025-02-20.json"; sourceTree = "<group>"; };
		2DAF57AC2E320F5500EDBDF1 /* 2025-02-21--2025-02-22.json */ = {isa = PBXFileReference; lastKnownFileType = text.json; path = "2025-02-21--2025-02-22.json"; sourceTree = "<group>"; };
		2DAF57AD2E320F5500EDBDF1 /* 2025-02-22--2025-02-23.json */ = {isa = PBXFileReference; lastKnownFileType = text.json; path = "2025-02-22--2025-02-23.json"; sourceTree = "<group>"; };
		2DAF57AE2E320F5500EDBDF1 /* 2025-02-23--2025-02-24.json */ = {isa = PBXFileReference; lastKnownFileType = text.json; path = "2025-02-23--2025-02-24.json"; sourceTree = "<group>"; };
		2DAF57AF2E320F5500EDBDF1 /* 2025-02-24--2025-02-25.json */ = {isa = PBXFileReference; lastKnownFileType = text.json; path = "2025-02-24--2025-02-25.json"; sourceTree = "<group>"; };
		2DAF57B02E320F5500EDBDF1 /* 2025-02-26--2025-02-27.json */ = {isa = PBXFileReference; lastKnownFileType = text.json; path = "2025-02-26--2025-02-27.json"; sourceTree = "<group>"; };
		2DAF57B12E320F5500EDBDF1 /* 2025-02-27--2025-02-28.json */ = {isa = PBXFileReference; lastKnownFileType = text.json; path = "2025-02-27--2025-02-28.json"; sourceTree = "<group>"; };
		2DAF57B22E320F5500EDBDF1 /* 2025-02-28--2025-03-01.json */ = {isa = PBXFileReference; lastKnownFileType = text.json; path = "2025-02-28--2025-03-01.json"; sourceTree = "<group>"; };
		2DAF57B32E320F5500EDBDF1 /* 2025-03-01--2025-03-02.json */ = {isa = PBXFileReference; lastKnownFileType = text.json; path = "2025-03-01--2025-03-02.json"; sourceTree = "<group>"; };
		2DAF57B42E320F5500EDBDF1 /* 2025-03-03--2025-03-04.json */ = {isa = PBXFileReference; lastKnownFileType = text.json; path = "2025-03-03--2025-03-04.json"; sourceTree = "<group>"; };
		2DAF57B52E320F5500EDBDF1 /* 2025-03-04--2025-03-05.json */ = {isa = PBXFileReference; lastKnownFileType = text.json; path = "2025-03-04--2025-03-05.json"; sourceTree = "<group>"; };
		2DAF57B62E320F5500EDBDF1 /* 2025-03-05--2025-03-06.json */ = {isa = PBXFileReference; lastKnownFileType = text.json; path = "2025-03-05--2025-03-06.json"; sourceTree = "<group>"; };
		2DAF57B72E320F5500EDBDF1 /* 2025-03-06--2025-03-07.json */ = {isa = PBXFileReference; lastKnownFileType = text.json; path = "2025-03-06--2025-03-07.json"; sourceTree = "<group>"; };
		2DAF57B82E320F5500EDBDF1 /* 2025-03-08--2025-03-09.json */ = {isa = PBXFileReference; lastKnownFileType = text.json; path = "2025-03-08--2025-03-09.json"; sourceTree = "<group>"; };
		2DAF57B92E320F5500EDBDF1 /* 2025-03-09--2025-03-10.json */ = {isa = PBXFileReference; lastKnownFileType = text.json; path = "2025-03-09--2025-03-10.json"; sourceTree = "<group>"; };
		2DAF57BA2E320F5500EDBDF1 /* 2025-03-10--2025-03-11.json */ = {isa = PBXFileReference; lastKnownFileType = text.json; path = "2025-03-10--2025-03-11.json"; sourceTree = "<group>"; };
		2DAF57BB2E320F5500EDBDF1 /* 2025-03-11--2025-03-12.json */ = {isa = PBXFileReference; lastKnownFileType = text.json; path = "2025-03-11--2025-03-12.json"; sourceTree = "<group>"; };
		2DAF57BC2E320F5500EDBDF1 /* 2025-03-13--2025-03-14.json */ = {isa = PBXFileReference; lastKnownFileType = text.json; path = "2025-03-13--2025-03-14.json"; sourceTree = "<group>"; };
		2DAF57BD2E320F5500EDBDF1 /* 2025-03-14--2025-03-15.json */ = {isa = PBXFileReference; lastKnownFileType = text.json; path = "2025-03-14--2025-03-15.json"; sourceTree = "<group>"; };
		2DAF57BE2E320F5500EDBDF1 /* 2025-03-15--2025-03-16.json */ = {isa = PBXFileReference; lastKnownFileType = text.json; path = "2025-03-15--2025-03-16.json"; sourceTree = "<group>"; };
		2DAF57BF2E320F5500EDBDF1 /* 2025-03-16--2025-03-17.json */ = {isa = PBXFileReference; lastKnownFileType = text.json; path = "2025-03-16--2025-03-17.json"; sourceTree = "<group>"; };
		2DAF57C02E320F5500EDBDF1 /* 2025-03-18--2025-03-19.json */ = {isa = PBXFileReference; lastKnownFileType = text.json; path = "2025-03-18--2025-03-19.json"; sourceTree = "<group>"; };
		2DAF57C12E320F5500EDBDF1 /* 2025-03-19--2025-03-20.json */ = {isa = PBXFileReference; lastKnownFileType = text.json; path = "2025-03-19--2025-03-20.json"; sourceTree = "<group>"; };
		2DAF57C22E320F5500EDBDF1 /* 2025-03-20--2025-03-21.json */ = {isa = PBXFileReference; lastKnownFileType = text.json; path = "2025-03-20--2025-03-21.json"; sourceTree = "<group>"; };
		2DAF57C32E320F5500EDBDF1 /* 2025-03-21--2025-03-22.json */ = {isa = PBXFileReference; lastKnownFileType = text.json; path = "2025-03-21--2025-03-22.json"; sourceTree = "<group>"; };
		2DAF57C42E320F5500EDBDF1 /* 2025-03-23--2025-03-24.json */ = {isa = PBXFileReference; lastKnownFileType = text.json; path = "2025-03-23--2025-03-24.json"; sourceTree = "<group>"; };
		2DAF57C52E320F5500EDBDF1 /* 2025-03-24--2025-03-25.json */ = {isa = PBXFileReference; lastKnownFileType = text.json; path = "2025-03-24--2025-03-25.json"; sourceTree = "<group>"; };
		2DAF57C62E320F5500EDBDF1 /* 2025-03-25--2025-03-26.json */ = {isa = PBXFileReference; lastKnownFileType = text.json; path = "2025-03-25--2025-03-26.json"; sourceTree = "<group>"; };
		2DAF57C72E320F5500EDBDF1 /* 2025-03-26--2025-03-27.json */ = {isa = PBXFileReference; lastKnownFileType = text.json; path = "2025-03-26--2025-03-27.json"; sourceTree = "<group>"; };
		2DAF57C82E320F5500EDBDF1 /* 2025-03-28--2025-03-29.json */ = {isa = PBXFileReference; lastKnownFileType = text.json; path = "2025-03-28--2025-03-29.json"; sourceTree = "<group>"; };
		2DAF57C92E320F5500EDBDF1 /* 2025-03-29--2025-03-30.json */ = {isa = PBXFileReference; lastKnownFileType = text.json; path = "2025-03-29--2025-03-30.json"; sourceTree = "<group>"; };
		2DAF57CA2E320F5500EDBDF1 /* 2025-03-30--2025-03-31.json */ = {isa = PBXFileReference; lastKnownFileType = text.json; path = "2025-03-30--2025-03-31.json"; sourceTree = "<group>"; };
		2DAF57CB2E320F5500EDBDF1 /* 2025-03-31--2025-04-01.json */ = {isa = PBXFileReference; lastKnownFileType = text.json; path = "2025-03-31--2025-04-01.json"; sourceTree = "<group>"; };
		2DAF57CC2E320F5500EDBDF1 /* 2025-04-02--2025-04-03.json */ = {isa = PBXFileReference; lastKnownFileType = text.json; path = "2025-04-02--2025-04-03.json"; sourceTree = "<group>"; };
		2DAF57CD2E320F5500EDBDF1 /* 2025-04-03--2025-04-04.json */ = {isa = PBXFileReference; lastKnownFileType = text.json; path = "2025-04-03--2025-04-04.json"; sourceTree = "<group>"; };
		2DAF57CE2E320F5500EDBDF1 /* 2025-04-04--2025-04-05.json */ = {isa = PBXFileReference; lastKnownFileType = text.json; path = "2025-04-04--2025-04-05.json"; sourceTree = "<group>"; };
		2DAF57CF2E320F5500EDBDF1 /* 2025-04-05--2025-04-06.json */ = {isa = PBXFileReference; lastKnownFileType = text.json; path = "2025-04-05--2025-04-06.json"; sourceTree = "<group>"; };
		2DAF57D02E320F5500EDBDF1 /* 2025-04-07--2025-04-08.json */ = {isa = PBXFileReference; lastKnownFileType = text.json; path = "2025-04-07--2025-04-08.json"; sourceTree = "<group>"; };
		2DAF57D12E320F5500EDBDF1 /* 2025-04-08--2025-04-09.json */ = {isa = PBXFileReference; lastKnownFileType = text.json; path = "2025-04-08--2025-04-09.json"; sourceTree = "<group>"; };
		2DAF57D22E320F5500EDBDF1 /* 2025-04-09--2025-04-10.json */ = {isa = PBXFileReference; lastKnownFileType = text.json; path = "2025-04-09--2025-04-10.json"; sourceTree = "<group>"; };
		2DAF57D32E320F5500EDBDF1 /* 2025-04-10--2025-04-11.json */ = {isa = PBXFileReference; lastKnownFileType = text.json; path = "2025-04-10--2025-04-11.json"; sourceTree = "<group>"; };
		2DAF57D42E320F5500EDBDF1 /* 2025-04-12--2025-04-13.json */ = {isa = PBXFileReference; lastKnownFileType = text.json; path = "2025-04-12--2025-04-13.json"; sourceTree = "<group>"; };
		2DAF57D52E320F5500EDBDF1 /* 2025-04-13--2025-04-14.json */ = {isa = PBXFileReference; lastKnownFileType = text.json; path = "2025-04-13--2025-04-14.json"; sourceTree = "<group>"; };
		2DAF57D62E320F5500EDBDF1 /* 2025-04-14--2025-04-15.json */ = {isa = PBXFileReference; lastKnownFileType = text.json; path = "2025-04-14--2025-04-15.json"; sourceTree = "<group>"; };
		2DAF57D72E320F5500EDBDF1 /* 2025-04-15--2025-04-16.json */ = {isa = PBXFileReference; lastKnownFileType = text.json; path = "2025-04-15--2025-04-16.json"; sourceTree = "<group>"; };
		2DAF57D82E320F5500EDBDF1 /* 2025-04-17--2025-04-18.json */ = {isa = PBXFileReference; lastKnownFileType = text.json; path = "2025-04-17--2025-04-18.json"; sourceTree = "<group>"; };
		2DAF57D92E320F5500EDBDF1 /* 2025-04-18--2025-04-19.json */ = {isa = PBXFileReference; lastKnownFileType = text.json; path = "2025-04-18--2025-04-19.json"; sourceTree = "<group>"; };
		2DAF57DA2E320F5500EDBDF1 /* 2025-04-19--2025-04-20.json */ = {isa = PBXFileReference; lastKnownFileType = text.json; path = "2025-04-19--2025-04-20.json"; sourceTree = "<group>"; };
		2DAF57DB2E320F5500EDBDF1 /* 2025-04-20--2025-04-21.json */ = {isa = PBXFileReference; lastKnownFileType = text.json; path = "2025-04-20--2025-04-21.json"; sourceTree = "<group>"; };
		2DAF57DC2E320F5500EDBDF1 /* 2025-04-22--2025-04-23.json */ = {isa = PBXFileReference; lastKnownFileType = text.json; path = "2025-04-22--2025-04-23.json"; sourceTree = "<group>"; };
		2DAF57DD2E320F5500EDBDF1 /* 2025-04-23--2025-04-24.json */ = {isa = PBXFileReference; lastKnownFileType = text.json; path = "2025-04-23--2025-04-24.json"; sourceTree = "<group>"; };
		2DAF57DE2E320F5500EDBDF1 /* 2025-04-24--2025-04-25.json */ = {isa = PBXFileReference; lastKnownFileType = text.json; path = "2025-04-24--2025-04-25.json"; sourceTree = "<group>"; };
		2DAF57DF2E320F5500EDBDF1 /* 2025-04-25--2025-04-26.json */ = {isa = PBXFileReference; lastKnownFileType = text.json; path = "2025-04-25--2025-04-26.json"; sourceTree = "<group>"; };
		2DAF57E02E320F5500EDBDF1 /* 2025-04-27--2025-04-28.json */ = {isa = PBXFileReference; lastKnownFileType = text.json; path = "2025-04-27--2025-04-28.json"; sourceTree = "<group>"; };
		2DAF57E12E320F5500EDBDF1 /* 2025-04-28--2025-04-29.json */ = {isa = PBXFileReference; lastKnownFileType = text.json; path = "2025-04-28--2025-04-29.json"; sourceTree = "<group>"; };
		2DAF57E22E320F5500EDBDF1 /* 2025-04-29--2025-04-30.json */ = {isa = PBXFileReference; lastKnownFileType = text.json; path = "2025-04-29--2025-04-30.json"; sourceTree = "<group>"; };
		2DAF57E32E320F5500EDBDF1 /* 2025-04-30--2025-05-01.json */ = {isa = PBXFileReference; lastKnownFileType = text.json; path = "2025-04-30--2025-05-01.json"; sourceTree = "<group>"; };
		2DAF57E42E320F5500EDBDF1 /* 2025-05-02--2025-05-03.json */ = {isa = PBXFileReference; lastKnownFileType = text.json; path = "2025-05-02--2025-05-03.json"; sourceTree = "<group>"; };
		2DAF57E52E320F5500EDBDF1 /* 2025-05-03--2025-05-04.json */ = {isa = PBXFileReference; lastKnownFileType = text.json; path = "2025-05-03--2025-05-04.json"; sourceTree = "<group>"; };
		2DAF57E62E320F5500EDBDF1 /* 2025-05-04--2025-05-05.json */ = {isa = PBXFileReference; lastKnownFileType = text.json; path = "2025-05-04--2025-05-05.json"; sourceTree = "<group>"; };
		2DAF57E72E320F5500EDBDF1 /* 2025-05-05--2025-05-06.json */ = {isa = PBXFileReference; lastKnownFileType = text.json; path = "2025-05-05--2025-05-06.json"; sourceTree = "<group>"; };
		2DAF57E82E320F5500EDBDF1 /* 2025-05-07--2025-05-08.json */ = {isa = PBXFileReference; lastKnownFileType = text.json; path = "2025-05-07--2025-05-08.json"; sourceTree = "<group>"; };
		2DAF57E92E320F5500EDBDF1 /* 2025-05-08--2025-05-09.json */ = {isa = PBXFileReference; lastKnownFileType = text.json; path = "2025-05-08--2025-05-09.json"; sourceTree = "<group>"; };
		2DAF57EA2E320F5500EDBDF1 /* 2025-05-09--2025-05-10.json */ = {isa = PBXFileReference; lastKnownFileType = text.json; path = "2025-05-09--2025-05-10.json"; sourceTree = "<group>"; };
		2DAF57EB2E320F5500EDBDF1 /* 2025-05-10--2025-05-11.json */ = {isa = PBXFileReference; lastKnownFileType = text.json; path = "2025-05-10--2025-05-11.json"; sourceTree = "<group>"; };
		2DAF57EC2E320F5500EDBDF1 /* 2025-05-12--2025-05-13.json */ = {isa = PBXFileReference; lastKnownFileType = text.json; path = "2025-05-12--2025-05-13.json"; sourceTree = "<group>"; };
		2DAF57ED2E320F5500EDBDF1 /* 2025-05-13--2025-05-14.json */ = {isa = PBXFileReference; lastKnownFileType = text.json; path = "2025-05-13--2025-05-14.json"; sourceTree = "<group>"; };
		2DAF57EE2E320F5500EDBDF1 /* 2025-05-14--2025-05-15.json */ = {isa = PBXFileReference; lastKnownFileType = text.json; path = "2025-05-14--2025-05-15.json"; sourceTree = "<group>"; };
		2DAF57EF2E320F5500EDBDF1 /* 2025-05-15--2025-05-16.json */ = {isa = PBXFileReference; lastKnownFileType = text.json; path = "2025-05-15--2025-05-16.json"; sourceTree = "<group>"; };
		2DAF57F02E320F5500EDBDF1 /* 2025-05-17--2025-05-18.json */ = {isa = PBXFileReference; lastKnownFileType = text.json; path = "2025-05-17--2025-05-18.json"; sourceTree = "<group>"; };
		2DAF57F12E320F5500EDBDF1 /* 2025-05-18--2025-05-19.json */ = {isa = PBXFileReference; lastKnownFileType = text.json; path = "2025-05-18--2025-05-19.json"; sourceTree = "<group>"; };
		2DAF57F22E320F5500EDBDF1 /* 2025-05-19--2025-05-20.json */ = {isa = PBXFileReference; lastKnownFileType = text.json; path = "2025-05-19--2025-05-20.json"; sourceTree = "<group>"; };
		2DAF57F32E320F5500EDBDF1 /* 2025-05-20--2025-05-21.json */ = {isa = PBXFileReference; lastKnownFileType = text.json; path = "2025-05-20--2025-05-21.json"; sourceTree = "<group>"; };
		2DAF57F42E320F5500EDBDF1 /* 2025-05-22--2025-05-23.json */ = {isa = PBXFileReference; lastKnownFileType = text.json; path = "2025-05-22--2025-05-23.json"; sourceTree = "<group>"; };
		2DAF57F52E320F5500EDBDF1 /* 2025-05-23--2025-05-24.json */ = {isa = PBXFileReference; lastKnownFileType = text.json; path = "2025-05-23--2025-05-24.json"; sourceTree = "<group>"; };
		2DAF57F62E320F5500EDBDF1 /* 2025-05-24--2025-05-25.json */ = {isa = PBXFileReference; lastKnownFileType = text.json; path = "2025-05-24--2025-05-25.json"; sourceTree = "<group>"; };
		2DAF57F72E320F5500EDBDF1 /* 2025-05-25--2025-05-26.json */ = {isa = PBXFileReference; lastKnownFileType = text.json; path = "2025-05-25--2025-05-26.json"; sourceTree = "<group>"; };
		2DAF57F82E320F5500EDBDF1 /* 2025-05-27--2025-05-28.json */ = {isa = PBXFileReference; lastKnownFileType = text.json; path = "2025-05-27--2025-05-28.json"; sourceTree = "<group>"; };
		2DAF57F92E320F5500EDBDF1 /* 2025-05-28--2025-05-29.json */ = {isa = PBXFileReference; lastKnownFileType = text.json; path = "2025-05-28--2025-05-29.json"; sourceTree = "<group>"; };
		2DAF57FA2E320F5500EDBDF1 /* 2025-05-29--2025-05-30.json */ = {isa = PBXFileReference; lastKnownFileType = text.json; path = "2025-05-29--2025-05-30.json"; sourceTree = "<group>"; };
		2DAF57FB2E320F5500EDBDF1 /* 2025-05-30--2025-05-31.json */ = {isa = PBXFileReference; lastKnownFileType = text.json; path = "2025-05-30--2025-05-31.json"; sourceTree = "<group>"; };
		2DAF57FC2E320F5500EDBDF1 /* 2025-06-01--2025-06-02.json */ = {isa = PBXFileReference; lastKnownFileType = text.json; path = "2025-06-01--2025-06-02.json"; sourceTree = "<group>"; };
		2DAF57FD2E320F5500EDBDF1 /* 2025-06-02--2025-06-03.json */ = {isa = PBXFileReference; lastKnownFileType = text.json; path = "2025-06-02--2025-06-03.json"; sourceTree = "<group>"; };
		2DAF57FE2E320F5500EDBDF1 /* 2025-06-03--2025-06-04.json */ = {isa = PBXFileReference; lastKnownFileType = text.json; path = "2025-06-03--2025-06-04.json"; sourceTree = "<group>"; };
		2DAF57FF2E320F5500EDBDF1 /* 2025-06-04--2025-06-05.json */ = {isa = PBXFileReference; lastKnownFileType = text.json; path = "2025-06-04--2025-06-05.json"; sourceTree = "<group>"; };
		2DAF58002E320F5500EDBDF1 /* 2025-06-06--2025-06-07.json */ = {isa = PBXFileReference; lastKnownFileType = text.json; path = "2025-06-06--2025-06-07.json"; sourceTree = "<group>"; };
		2DAF58012E320F5500EDBDF1 /* 2025-06-07--2025-06-08.json */ = {isa = PBXFileReference; lastKnownFileType = text.json; path = "2025-06-07--2025-06-08.json"; sourceTree = "<group>"; };
		2DAF58022E320F5500EDBDF1 /* 2025-06-08--2025-06-09.json */ = {isa = PBXFileReference; lastKnownFileType = text.json; path = "2025-06-08--2025-06-09.json"; sourceTree = "<group>"; };
		2DAF58032E320F5500EDBDF1 /* 2025-06-09--2025-06-10.json */ = {isa = PBXFileReference; lastKnownFileType = text.json; path = "2025-06-09--2025-06-10.json"; sourceTree = "<group>"; };
		2DAF58042E320F5500EDBDF1 /* 2025-06-11--2025-06-12.json */ = {isa = PBXFileReference; lastKnownFileType = text.json; path = "2025-06-11--2025-06-12.json"; sourceTree = "<group>"; };
		2DAF58052E320F5500EDBDF1 /* 2025-06-12--2025-06-13.json */ = {isa = PBXFileReference; lastKnownFileType = text.json; path = "2025-06-12--2025-06-13.json"; sourceTree = "<group>"; };
		2DAF58062E320F5500EDBDF1 /* 2025-06-13--2025-06-14.json */ = {isa = PBXFileReference; lastKnownFileType = text.json; path = "2025-06-13--2025-06-14.json"; sourceTree = "<group>"; };
		2DAF58072E320F5500EDBDF1 /* 2025-06-14--2025-06-15.json */ = {isa = PBXFileReference; lastKnownFileType = text.json; path = "2025-06-14--2025-06-15.json"; sourceTree = "<group>"; };
		2DAF58082E320F5500EDBDF1 /* 2025-06-16--2025-06-17.json */ = {isa = PBXFileReference; lastKnownFileType = text.json; path = "2025-06-16--2025-06-17.json"; sourceTree = "<group>"; };
		2DAF58092E320F5500EDBDF1 /* 2025-06-17--2025-06-18.json */ = {isa = PBXFileReference; lastKnownFileType = text.json; path = "2025-06-17--2025-06-18.json"; sourceTree = "<group>"; };
		2DD6F7B225E33DAA00422046 /* CocoaPodHeader.h */ = {isa = PBXFileReference; lastKnownFileType = sourcecode.c.h; path = CocoaPodHeader.h; sourceTree = "<group>"; };
		2DEA40FE25D002E1008FA2A8 /* Frame.app */ = {isa = PBXFileReference; explicitFileType = wrapper.application; includeInIndex = 0; path = Frame.app; sourceTree = BUILT_PRODUCTS_DIR; };
		2DEA410125D002E1008FA2A8 /* AppDelegate.h */ = {isa = PBXFileReference; lastKnownFileType = sourcecode.c.h; path = AppDelegate.h; sourceTree = "<group>"; };
		2DEA410225D002E1008FA2A8 /* AppDelegate.m */ = {isa = PBXFileReference; lastKnownFileType = sourcecode.c.objc; path = AppDelegate.m; sourceTree = "<group>"; };
		2DEA410425D002E1008FA2A8 /* SceneDelegate.h */ = {isa = PBXFileReference; lastKnownFileType = sourcecode.c.h; path = SceneDelegate.h; sourceTree = "<group>"; };
		2DEA410525D002E1008FA2A8 /* SceneDelegate.m */ = {isa = PBXFileReference; lastKnownFileType = sourcecode.c.objc; path = SceneDelegate.m; sourceTree = "<group>"; };
		2DEA410725D002E1008FA2A8 /* ViewController.h */ = {isa = PBXFileReference; lastKnownFileType = sourcecode.c.h; path = ViewController.h; sourceTree = "<group>"; };
		2DEA410825D002E1008FA2A8 /* ViewController.m */ = {isa = PBXFileReference; lastKnownFileType = sourcecode.c.objc; path = ViewController.m; sourceTree = "<group>"; };
		2DEA410B25D002E1008FA2A8 /* Base */ = {isa = PBXFileReference; lastKnownFileType = file.storyboard; name = Base; path = Base.lproj/Main.storyboard; sourceTree = "<group>"; };
		2DEA410D25D002E3008FA2A8 /* Assets.xcassets */ = {isa = PBXFileReference; lastKnownFileType = folder.assetcatalog; path = Assets.xcassets; sourceTree = "<group>"; };
		2DEA411025D002E3008FA2A8 /* Base */ = {isa = PBXFileReference; lastKnownFileType = file.storyboard; name = Base; path = Base.lproj/LaunchScreen.storyboard; sourceTree = "<group>"; };
		2DEA411225D002E3008FA2A8 /* Info.plist */ = {isa = PBXFileReference; lastKnownFileType = text.plist.xml; path = Info.plist; sourceTree = "<group>"; };
		2DEA411325D002E3008FA2A8 /* main.m */ = {isa = PBXFileReference; lastKnownFileType = sourcecode.c.objc; path = main.m; sourceTree = "<group>"; };
		2DEA411925D002E3008FA2A8 /* FrameTests.xctest */ = {isa = PBXFileReference; explicitFileType = wrapper.cfbundle; includeInIndex = 0; path = FrameTests.xctest; sourceTree = BUILT_PRODUCTS_DIR; };
		2DEA411D25D002E3008FA2A8 /* FrameTests.m */ = {isa = PBXFileReference; lastKnownFileType = sourcecode.c.objc; path = FrameTests.m; sourceTree = "<group>"; };
		2DEA411F25D002E3008FA2A8 /* Info.plist */ = {isa = PBXFileReference; lastKnownFileType = text.plist.xml; path = Info.plist; sourceTree = "<group>"; };
		2DEA412425D002E3008FA2A8 /* FrameUITests.xctest */ = {isa = PBXFileReference; explicitFileType = wrapper.cfbundle; includeInIndex = 0; path = FrameUITests.xctest; sourceTree = BUILT_PRODUCTS_DIR; };
		2DEA412825D002E3008FA2A8 /* FrameUITests.m */ = {isa = PBXFileReference; lastKnownFileType = sourcecode.c.objc; path = FrameUITests.m; sourceTree = "<group>"; };
		2DEA412A25D002E3008FA2A8 /* Info.plist */ = {isa = PBXFileReference; lastKnownFileType = text.plist.xml; path = Info.plist; sourceTree = "<group>"; };
		2DEA414925D006DB008FA2A8 /* Frame-Bridging-Header.pch */ = {isa = PBXFileReference; lastKnownFileType = sourcecode.c.h; path = "Frame-Bridging-Header.pch"; sourceTree = "<group>"; };
		2DEA414A25D0079B008FA2A8 /* Frame-Bridging-Header.h */ = {isa = PBXFileReference; lastKnownFileType = sourcecode.c.h; path = "Frame-Bridging-Header.h"; sourceTree = "<group>"; };
		2DEA417525D0101F008FA2A8 /* ExtensionHeader.h */ = {isa = PBXFileReference; lastKnownFileType = sourcecode.c.h; path = ExtensionHeader.h; sourceTree = "<group>"; };
		2DFB30F325D15AF400F74164 /* OveralHeader.h */ = {isa = PBXFileReference; lastKnownFileType = sourcecode.c.h; path = OveralHeader.h; sourceTree = "<group>"; };
		31505FBBC6600852BC7E2D0F /* Pods-Frame.release.xcconfig */ = {isa = PBXFileReference; includeInIndex = 1; lastKnownFileType = text.xcconfig; name = "Pods-Frame.release.xcconfig"; path = "Target Support Files/Pods-Frame/Pods-Frame.release.xcconfig"; sourceTree = "<group>"; };
		61AE22E663010AFFE916651C /* Pods-Frame.debug.xcconfig */ = {isa = PBXFileReference; includeInIndex = 1; lastKnownFileType = text.xcconfig; name = "Pods-Frame.debug.xcconfig"; path = "Target Support Files/Pods-Frame/Pods-Frame.debug.xcconfig"; sourceTree = "<group>"; };
/* End PBXFileReference section */

/* Begin PBXFrameworksBuildPhase section */
		2DEA40FB25D002E1008FA2A8 /* Frameworks */ = {
			isa = PBXFrameworksBuildPhase;
			buildActionMask = 2147483647;
			files = (
				EF2BF7E6882DC4D4911E05D3 /* libPods-Frame.a in Frameworks */,
			);
			runOnlyForDeploymentPostprocessing = 0;
		};
		2DEA411625D002E3008FA2A8 /* Frameworks */ = {
			isa = PBXFrameworksBuildPhase;
			buildActionMask = 2147483647;
			files = (
			);
			runOnlyForDeploymentPostprocessing = 0;
		};
		2DEA412125D002E3008FA2A8 /* Frameworks */ = {
			isa = PBXFrameworksBuildPhase;
			buildActionMask = 2147483647;
			files = (
			);
			runOnlyForDeploymentPostprocessing = 0;
		};
/* End PBXFrameworksBuildPhase section */

/* Begin PBXGroup section */
		2DAF56FA2E320ACE00EDBDF1 /* 1小时BTC */ = {
			isa = PBXGroup;
			children = (
				2DAF57842E320F5500EDBDF1 /* 2025-01-02--2025-01-03.json */,
				2DAF57852E320F5500EDBDF1 /* 2025-01-03--2025-01-04.json */,
				2DAF57862E320F5500EDBDF1 /* 2025-01-04--2025-01-05.json */,
				2DAF57872E320F5500EDBDF1 /* 2025-01-05--2025-01-06.json */,
				2DAF57882E320F5500EDBDF1 /* 2025-01-07--2025-01-08.json */,
				2DAF57892E320F5500EDBDF1 /* 2025-01-08--2025-01-09.json */,
				2DAF578A2E320F5500EDBDF1 /* 2025-01-09--2025-01-10.json */,
				2DAF578B2E320F5500EDBDF1 /* 2025-01-10--2025-01-11.json */,
				2DAF578C2E320F5500EDBDF1 /* 2025-01-12--2025-01-13.json */,
				2DAF578D2E320F5500EDBDF1 /* 2025-01-13--2025-01-14.json */,
				2DAF578E2E320F5500EDBDF1 /* 2025-01-14--2025-01-15.json */,
				2DAF578F2E320F5500EDBDF1 /* 2025-01-15--2025-01-16.json */,
				2DAF57902E320F5500EDBDF1 /* 2025-01-17--2025-01-18.json */,
				2DAF57912E320F5500EDBDF1 /* 2025-01-18--2025-01-19.json */,
				2DAF57922E320F5500EDBDF1 /* 2025-01-19--2025-01-20.json */,
				2DAF57932E320F5500EDBDF1 /* 2025-01-20--2025-01-21.json */,
				2DAF57942E320F5500EDBDF1 /* 2025-01-22--2025-01-23.json */,
				2DAF57952E320F5500EDBDF1 /* 2025-01-23--2025-01-24.json */,
				2DAF57962E320F5500EDBDF1 /* 2025-01-24--2025-01-25.json */,
				2DAF57972E320F5500EDBDF1 /* 2025-01-25--2025-01-26.json */,
				2DAF57982E320F5500EDBDF1 /* 2025-01-27--2025-01-28.json */,
				2DAF57992E320F5500EDBDF1 /* 2025-01-28--2025-01-29.json */,
				2DAF579A2E320F5500EDBDF1 /* 2025-01-29--2025-01-30.json */,
				2DAF579B2E320F5500EDBDF1 /* 2025-01-30--2025-01-31.json */,
				2DAF579C2E320F5500EDBDF1 /* 2025-02-01--2025-02-02.json */,
				2DAF579D2E320F5500EDBDF1 /* 2025-02-02--2025-02-03.json */,
				2DAF579E2E320F5500EDBDF1 /* 2025-02-03--2025-02-04.json */,
				2DAF579F2E320F5500EDBDF1 /* 2025-02-04--2025-02-05.json */,
				2DAF57A02E320F5500EDBDF1 /* 2025-02-06--2025-02-07.json */,
				2DAF57A12E320F5500EDBDF1 /* 2025-02-07--2025-02-08.json */,
				2DAF57A22E320F5500EDBDF1 /* 2025-02-08--2025-02-09.json */,
				2DAF57A32E320F5500EDBDF1 /* 2025-02-09--2025-02-10.json */,
				2DAF57A42E320F5500EDBDF1 /* 2025-02-11--2025-02-12.json */,
				2DAF57A52E320F5500EDBDF1 /* 2025-02-12--2025-02-13.json */,
				2DAF57A62E320F5500EDBDF1 /* 2025-02-13--2025-02-14.json */,
				2DAF57A72E320F5500EDBDF1 /* 2025-02-14--2025-02-15.json */,
				2DAF57A82E320F5500EDBDF1 /* 2025-02-16--2025-02-17.json */,
				2DAF57A92E320F5500EDBDF1 /* 2025-02-17--2025-02-18.json */,
				2DAF57AA2E320F5500EDBDF1 /* 2025-02-18--2025-02-19.json */,
				2DAF57AB2E320F5500EDBDF1 /* 2025-02-19--2025-02-20.json */,
				2DAF57AC2E320F5500EDBDF1 /* 2025-02-21--2025-02-22.json */,
				2DAF57AD2E320F5500EDBDF1 /* 2025-02-22--2025-02-23.json */,
				2DAF57AE2E320F5500EDBDF1 /* 2025-02-23--2025-02-24.json */,
				2DAF57AF2E320F5500EDBDF1 /* 2025-02-24--2025-02-25.json */,
				2DAF57B02E320F5500EDBDF1 /* 2025-02-26--2025-02-27.json */,
				2DAF57B12E320F5500EDBDF1 /* 2025-02-27--2025-02-28.json */,
				2DAF57B22E320F5500EDBDF1 /* 2025-02-28--2025-03-01.json */,
				2DAF57B32E320F5500EDBDF1 /* 2025-03-01--2025-03-02.json */,
				2DAF57B42E320F5500EDBDF1 /* 2025-03-03--2025-03-04.json */,
				2DAF57B52E320F5500EDBDF1 /* 2025-03-04--2025-03-05.json */,
				2DAF57B62E320F5500EDBDF1 /* 2025-03-05--2025-03-06.json */,
				2DAF57B72E320F5500EDBDF1 /* 2025-03-06--2025-03-07.json */,
				2DAF57B82E320F5500EDBDF1 /* 2025-03-08--2025-03-09.json */,
				2DAF57B92E320F5500EDBDF1 /* 2025-03-09--2025-03-10.json */,
				2DAF57BA2E320F5500EDBDF1 /* 2025-03-10--2025-03-11.json */,
				2DAF57BB2E320F5500EDBDF1 /* 2025-03-11--2025-03-12.json */,
				2DAF57BC2E320F5500EDBDF1 /* 2025-03-13--2025-03-14.json */,
				2DAF57BD2E320F5500EDBDF1 /* 2025-03-14--2025-03-15.json */,
				2DAF57BE2E320F5500EDBDF1 /* 2025-03-15--2025-03-16.json */,
				2DAF57BF2E320F5500EDBDF1 /* 2025-03-16--2025-03-17.json */,
				2DAF57C02E320F5500EDBDF1 /* 2025-03-18--2025-03-19.json */,
				2DAF57C12E320F5500EDBDF1 /* 2025-03-19--2025-03-20.json */,
				2DAF57C22E320F5500EDBDF1 /* 2025-03-20--2025-03-21.json */,
				2DAF57C32E320F5500EDBDF1 /* 2025-03-21--2025-03-22.json */,
				2DAF57C42E320F5500EDBDF1 /* 2025-03-23--2025-03-24.json */,
				2DAF57C52E320F5500EDBDF1 /* 2025-03-24--2025-03-25.json */,
				2DAF57C62E320F5500EDBDF1 /* 2025-03-25--2025-03-26.json */,
				2DAF57C72E320F5500EDBDF1 /* 2025-03-26--2025-03-27.json */,
				2DAF57C82E320F5500EDBDF1 /* 2025-03-28--2025-03-29.json */,
				2DAF57C92E320F5500EDBDF1 /* 2025-03-29--2025-03-30.json */,
				2DAF57CA2E320F5500EDBDF1 /* 2025-03-30--2025-03-31.json */,
				2DAF57CB2E320F5500EDBDF1 /* 2025-03-31--2025-04-01.json */,
				2DAF57CC2E320F5500EDBDF1 /* 2025-04-02--2025-04-03.json */,
				2DAF57CD2E320F5500EDBDF1 /* 2025-04-03--2025-04-04.json */,
				2DAF57CE2E320F5500EDBDF1 /* 2025-04-04--2025-04-05.json */,
				2DAF57CF2E320F5500EDBDF1 /* 2025-04-05--2025-04-06.json */,
				2DAF57D02E320F5500EDBDF1 /* 2025-04-07--2025-04-08.json */,
				2DAF57D12E320F5500EDBDF1 /* 2025-04-08--2025-04-09.json */,
				2DAF57D22E320F5500EDBDF1 /* 2025-04-09--2025-04-10.json */,
				2DAF57D32E320F5500EDBDF1 /* 2025-04-10--2025-04-11.json */,
				2DAF57D42E320F5500EDBDF1 /* 2025-04-12--2025-04-13.json */,
				2DAF57D52E320F5500EDBDF1 /* 2025-04-13--2025-04-14.json */,
				2DAF57D62E320F5500EDBDF1 /* 2025-04-14--2025-04-15.json */,
				2DAF57D72E320F5500EDBDF1 /* 2025-04-15--2025-04-16.json */,
				2DAF57D82E320F5500EDBDF1 /* 2025-04-17--2025-04-18.json */,
				2DAF57D92E320F5500EDBDF1 /* 2025-04-18--2025-04-19.json */,
				2DAF57DA2E320F5500EDBDF1 /* 2025-04-19--2025-04-20.json */,
				2DAF57DB2E320F5500EDBDF1 /* 2025-04-20--2025-04-21.json */,
				2DAF57DC2E320F5500EDBDF1 /* 2025-04-22--2025-04-23.json */,
				2DAF57DD2E320F5500EDBDF1 /* 2025-04-23--2025-04-24.json */,
				2DAF57DE2E320F5500EDBDF1 /* 2025-04-24--2025-04-25.json */,
				2DAF57DF2E320F5500EDBDF1 /* 2025-04-25--2025-04-26.json */,
				2DAF57E02E320F5500EDBDF1 /* 2025-04-27--2025-04-28.json */,
				2DAF57E12E320F5500EDBDF1 /* 2025-04-28--2025-04-29.json */,
				2DAF57E22E320F5500EDBDF1 /* 2025-04-29--2025-04-30.json */,
				2DAF57E32E320F5500EDBDF1 /* 2025-04-30--2025-05-01.json */,
				2DAF57E42E320F5500EDBDF1 /* 2025-05-02--2025-05-03.json */,
				2DAF57E52E320F5500EDBDF1 /* 2025-05-03--2025-05-04.json */,
				2DAF57E62E320F5500EDBDF1 /* 2025-05-04--2025-05-05.json */,
				2DAF57E72E320F5500EDBDF1 /* 2025-05-05--2025-05-06.json */,
				2DAF57E82E320F5500EDBDF1 /* 2025-05-07--2025-05-08.json */,
				2DAF57E92E320F5500EDBDF1 /* 2025-05-08--2025-05-09.json */,
				2DAF57EA2E320F5500EDBDF1 /* 2025-05-09--2025-05-10.json */,
				2DAF57EB2E320F5500EDBDF1 /* 2025-05-10--2025-05-11.json */,
				2DAF57EC2E320F5500EDBDF1 /* 2025-05-12--2025-05-13.json */,
				2DAF57ED2E320F5500EDBDF1 /* 2025-05-13--2025-05-14.json */,
				2DAF57EE2E320F5500EDBDF1 /* 2025-05-14--2025-05-15.json */,
				2DAF57EF2E320F5500EDBDF1 /* 2025-05-15--2025-05-16.json */,
				2DAF57F02E320F5500EDBDF1 /* 2025-05-17--2025-05-18.json */,
				2DAF57F12E320F5500EDBDF1 /* 2025-05-18--2025-05-19.json */,
				2DAF57F22E320F5500EDBDF1 /* 2025-05-19--2025-05-20.json */,
				2DAF57F32E320F5500EDBDF1 /* 2025-05-20--2025-05-21.json */,
				2DAF57F42E320F5500EDBDF1 /* 2025-05-22--2025-05-23.json */,
				2DAF57F52E320F5500EDBDF1 /* 2025-05-23--2025-05-24.json */,
				2DAF57F62E320F5500EDBDF1 /* 2025-05-24--2025-05-25.json */,
				2DAF57F72E320F5500EDBDF1 /* 2025-05-25--2025-05-26.json */,
				2DAF57F82E320F5500EDBDF1 /* 2025-05-27--2025-05-28.json */,
				2DAF57F92E320F5500EDBDF1 /* 2025-05-28--2025-05-29.json */,
				2DAF57FA2E320F5500EDBDF1 /* 2025-05-29--2025-05-30.json */,
				2DAF57FB2E320F5500EDBDF1 /* 2025-05-30--2025-05-31.json */,
				2DAF57FC2E320F5500EDBDF1 /* 2025-06-01--2025-06-02.json */,
				2DAF57FD2E320F5500EDBDF1 /* 2025-06-02--2025-06-03.json */,
				2DAF57FE2E320F5500EDBDF1 /* 2025-06-03--2025-06-04.json */,
				2DAF57FF2E320F5500EDBDF1 /* 2025-06-04--2025-06-05.json */,
				2DAF58002E320F5500EDBDF1 /* 2025-06-06--2025-06-07.json */,
				2DAF58012E320F5500EDBDF1 /* 2025-06-07--2025-06-08.json */,
				2DAF58022E320F5500EDBDF1 /* 2025-06-08--2025-06-09.json */,
				2DAF58032E320F5500EDBDF1 /* 2025-06-09--2025-06-10.json */,
				2DAF58042E320F5500EDBDF1 /* 2025-06-11--2025-06-12.json */,
				2DAF58052E320F5500EDBDF1 /* 2025-06-12--2025-06-13.json */,
				2DAF58062E320F5500EDBDF1 /* 2025-06-13--2025-06-14.json */,
				2DAF58072E320F5500EDBDF1 /* 2025-06-14--2025-06-15.json */,
				2DAF58082E320F5500EDBDF1 /* 2025-06-16--2025-06-17.json */,
				2DAF58092E320F5500EDBDF1 /* 2025-06-17--2025-06-18.json */,
			);
			path = "1小时BTC";
			sourceTree = "<group>";
		};
		2DEA40F525D002E1008FA2A8 = {
			isa = PBXGroup;
			children = (
				2DEA410025D002E1008FA2A8 /* Frame */,
				2DEA411C25D002E3008FA2A8 /* FrameTests */,
				2DEA412725D002E3008FA2A8 /* FrameUITests */,
				2DEA40FF25D002E1008FA2A8 /* Products */,
				849D5BA33C2CA6FF4B21C53C /* Pods */,
				AD47FB299EBAC9C407FBC4F1 /* Frameworks */,
			);
			sourceTree = "<group>";
		};
		2DEA40FF25D002E1008FA2A8 /* Products */ = {
			isa = PBXGroup;
			children = (
				2DEA40FE25D002E1008FA2A8 /* Frame.app */,
				2DEA411925D002E3008FA2A8 /* FrameTests.xctest */,
				2DEA412425D002E3008FA2A8 /* FrameUITests.xctest */,
			);
			name = Products;
			sourceTree = "<group>";
		};
		2DEA410025D002E1008FA2A8 /* Frame */ = {
			isa = PBXGroup;
			children = (
				2DEA414725D0068E008FA2A8 /* Base */,
				2DEA410125D002E1008FA2A8 /* AppDelegate.h */,
				2DEA410225D002E1008FA2A8 /* AppDelegate.m */,
				2DEA410425D002E1008FA2A8 /* SceneDelegate.h */,
				2DEA410525D002E1008FA2A8 /* SceneDelegate.m */,
				2DEA410725D002E1008FA2A8 /* ViewController.h */,
				2DEA410825D002E1008FA2A8 /* ViewController.m */,
				2DAF56FA2E320ACE00EDBDF1 /* 1小时BTC */,
				2D62DC0F25DE4DF400A05E5E /* nahuoLoading.gif */,
				2DEA410A25D002E1008FA2A8 /* Main.storyboard */,
				2DEA410D25D002E3008FA2A8 /* Assets.xcassets */,
				2DEA410F25D002E3008FA2A8 /* LaunchScreen.storyboard */,
				2DEA411225D002E3008FA2A8 /* Info.plist */,
				2DEA411325D002E3008FA2A8 /* main.m */,
			);
			path = Frame;
			sourceTree = "<group>";
		};
		2DEA411C25D002E3008FA2A8 /* FrameTests */ = {
			isa = PBXGroup;
			children = (
				2DEA411D25D002E3008FA2A8 /* FrameTests.m */,
				2DEA411F25D002E3008FA2A8 /* Info.plist */,
			);
			path = FrameTests;
			sourceTree = "<group>";
		};
		2DEA412725D002E3008FA2A8 /* FrameUITests */ = {
			isa = PBXGroup;
			children = (
				2DEA412825D002E3008FA2A8 /* FrameUITests.m */,
				2DEA412A25D002E3008FA2A8 /* Info.plist */,
			);
			path = FrameUITests;
			sourceTree = "<group>";
		};
		2DEA414725D0068E008FA2A8 /* Base */ = {
			isa = PBXGroup;
			children = (
				2DEA414825D0068E008FA2A8 /* BaseFile */,
			);
			path = Base;
			sourceTree = "<group>";
		};
		2DEA414825D0068E008FA2A8 /* BaseFile */ = {
			isa = PBXGroup;
			children = (
				2DD6F7B225E33DAA00422046 /* CocoaPodHeader.h */,
				2DFB30F325D15AF400F74164 /* OveralHeader.h */,
				2DEA414925D006DB008FA2A8 /* Frame-Bridging-Header.pch */,
				2DEA414A25D0079B008FA2A8 /* Frame-Bridging-Header.h */,
				2DEA417525D0101F008FA2A8 /* ExtensionHeader.h */,
			);
			path = BaseFile;
			sourceTree = "<group>";
		};
		849D5BA33C2CA6FF4B21C53C /* Pods */ = {
			isa = PBXGroup;
			children = (
				61AE22E663010AFFE916651C /* Pods-Frame.debug.xcconfig */,
				31505FBBC6600852BC7E2D0F /* Pods-Frame.release.xcconfig */,
			);
			path = Pods;
			sourceTree = "<group>";
		};
		AD47FB299EBAC9C407FBC4F1 /* Frameworks */ = {
			isa = PBXGroup;
			children = (
				03351BF5F8F17E8147C5D197 /* libPods-Frame.a */,
			);
			name = Frameworks;
			sourceTree = "<group>";
		};
/* End PBXGroup section */

/* Begin PBXNativeTarget section */
		2DEA40FD25D002E1008FA2A8 /* Frame */ = {
			isa = PBXNativeTarget;
			buildConfigurationList = 2DEA412D25D002E3008FA2A8 /* Build configuration list for PBXNativeTarget "Frame" */;
			buildPhases = (
				2D59FEC91375BC2E30F1E06B /* [CP] Check Pods Manifest.lock */,
				2DEA40FA25D002E1008FA2A8 /* Sources */,
				2DEA40FB25D002E1008FA2A8 /* Frameworks */,
				2DEA40FC25D002E1008FA2A8 /* Resources */,
				89FCE452AEB4DC65E7764F10 /* [CP] Copy Pods Resources */,
			);
			buildRules = (
			);
			dependencies = (
			);
			name = Frame;
			productName = Frame;
			productReference = 2DEA40FE25D002E1008FA2A8 /* Frame.app */;
			productType = "com.apple.product-type.application";
		};
		2DEA411825D002E3008FA2A8 /* FrameTests */ = {
			isa = PBXNativeTarget;
			buildConfigurationList = 2DEA413025D002E3008FA2A8 /* Build configuration list for PBXNativeTarget "FrameTests" */;
			buildPhases = (
				2DEA411525D002E3008FA2A8 /* Sources */,
				2DEA411625D002E3008FA2A8 /* Frameworks */,
				2DEA411725D002E3008FA2A8 /* Resources */,
			);
			buildRules = (
			);
			dependencies = (
				2DEA411B25D002E3008FA2A8 /* PBXTargetDependency */,
			);
			name = FrameTests;
			productName = FrameTests;
			productReference = 2DEA411925D002E3008FA2A8 /* FrameTests.xctest */;
			productType = "com.apple.product-type.bundle.unit-test";
		};
		2DEA412325D002E3008FA2A8 /* FrameUITests */ = {
			isa = PBXNativeTarget;
			buildConfigurationList = 2DEA413325D002E3008FA2A8 /* Build configuration list for PBXNativeTarget "FrameUITests" */;
			buildPhases = (
				2DEA412025D002E3008FA2A8 /* Sources */,
				2DEA412125D002E3008FA2A8 /* Frameworks */,
				2DEA412225D002E3008FA2A8 /* Resources */,
			);
			buildRules = (
			);
			dependencies = (
				2DEA412625D002E3008FA2A8 /* PBXTargetDependency */,
			);
			name = FrameUITests;
			productName = FrameUITests;
			productReference = 2DEA412425D002E3008FA2A8 /* FrameUITests.xctest */;
			productType = "com.apple.product-type.bundle.ui-testing";
		};
/* End PBXNativeTarget section */

/* Begin PBXProject section */
		2DEA40F625D002E1008FA2A8 /* Project object */ = {
			isa = PBXProject;
			attributes = {
				LastUpgradeCheck = 1240;
				TargetAttributes = {
					2DEA40FD25D002E1008FA2A8 = {
						CreatedOnToolsVersion = 12.4;
						LastSwiftMigration = 1240;
					};
					2DEA411825D002E3008FA2A8 = {
						CreatedOnToolsVersion = 12.4;
						TestTargetID = 2DEA40FD25D002E1008FA2A8;
					};
					2DEA412325D002E3008FA2A8 = {
						CreatedOnToolsVersion = 12.4;
						TestTargetID = 2DEA40FD25D002E1008FA2A8;
					};
				};
			};
			buildConfigurationList = 2DEA40F925D002E1008FA2A8 /* Build configuration list for PBXProject "Frame" */;
			compatibilityVersion = "Xcode 9.3";
			developmentRegion = en;
			hasScannedForEncodings = 0;
			knownRegions = (
				en,
				Base,
			);
			mainGroup = 2DEA40F525D002E1008FA2A8;
			productRefGroup = 2DEA40FF25D002E1008FA2A8 /* Products */;
			projectDirPath = "";
			projectRoot = "";
			targets = (
				2DEA40FD25D002E1008FA2A8 /* Frame */,
				2DEA411825D002E3008FA2A8 /* FrameTests */,
				2DEA412325D002E3008FA2A8 /* FrameUITests */,
			);
		};
/* End PBXProject section */

/* Begin PBXResourcesBuildPhase section */
		2DEA40FC25D002E1008FA2A8 /* Resources */ = {
			isa = PBXResourcesBuildPhase;
			buildActionMask = 2147483647;
			files = (
				2DAF580A2E320F5500EDBDF1 /* 2025-03-16--2025-03-17.json in Resources */,
				2DAF580B2E320F5500EDBDF1 /* 2025-03-19--2025-03-20.json in Resources */,
				2DAF580C2E320F5500EDBDF1 /* 2025-06-09--2025-06-10.json in Resources */,
				2DAF580D2E320F5500EDBDF1 /* 2025-05-12--2025-05-13.json in Resources */,
				2DAF580E2E320F5500EDBDF1 /* 2025-03-21--2025-03-22.json in Resources */,
				2DAF580F2E320F5500EDBDF1 /* 2025-04-28--2025-04-29.json in Resources */,
				2DAF58102E320F5500EDBDF1 /* 2025-01-10--2025-01-11.json in Resources */,
				2DAF58112E320F5500EDBDF1 /* 2025-02-26--2025-02-27.json in Resources */,
				2DAF58122E320F5500EDBDF1 /* 2025-01-03--2025-01-04.json in Resources */,
				2DAF58132E320F5500EDBDF1 /* 2025-03-03--2025-03-04.json in Resources */,
				2DAF58142E320F5500EDBDF1 /* 2025-06-02--2025-06-03.json in Resources */,
				2DAF58152E320F5500EDBDF1 /* 2025-02-22--2025-02-23.json in Resources */,
				2DAF58162E320F5500EDBDF1 /* 2025-06-14--2025-06-15.json in Resources */,
				2DAF58172E320F5500EDBDF1 /* 2025-03-30--2025-03-31.json in Resources */,
				2DAF58182E320F5500EDBDF1 /* 2025-02-09--2025-02-10.json in Resources */,
				2DAF58192E320F5500EDBDF1 /* 2025-02-07--2025-02-08.json in Resources */,
				2DAF581A2E320F5500EDBDF1 /* 2025-05-23--2025-05-24.json in Resources */,
				2DAF581B2E320F5500EDBDF1 /* 2025-05-14--2025-05-15.json in Resources */,
				2DAF581C2E320F5500EDBDF1 /* 2025-05-13--2025-05-14.json in Resources */,
				2DAF581D2E320F5500EDBDF1 /* 2025-04-03--2025-04-04.json in Resources */,
				2DAF581E2E320F5500EDBDF1 /* 2025-05-30--2025-05-31.json in Resources */,
				2DAF581F2E320F5500EDBDF1 /* 2025-06-08--2025-06-09.json in Resources */,
				2DAF58202E320F5500EDBDF1 /* 2025-05-20--2025-05-21.json in Resources */,
				2DAF58212E320F5500EDBDF1 /* 2025-01-25--2025-01-26.json in Resources */,
				2DAF58222E320F5500EDBDF1 /* 2025-03-06--2025-03-07.json in Resources */,
				2DAF58232E320F5500EDBDF1 /* 2025-04-10--2025-04-11.json in Resources */,
				2DAF58242E320F5500EDBDF1 /* 2025-02-01--2025-02-02.json in Resources */,
				2DAF58252E320F5500EDBDF1 /* 2025-02-04--2025-02-05.json in Resources */,
				2DAF58262E320F5500EDBDF1 /* 2025-02-02--2025-02-03.json in Resources */,
				2DAF58272E320F5500EDBDF1 /* 2025-04-20--2025-04-21.json in Resources */,
				2DAF58282E320F5500EDBDF1 /* 2025-04-22--2025-04-23.json in Resources */,
				2DAF58292E320F5500EDBDF1 /* 2025-06-16--2025-06-17.json in Resources */,
				2DAF582A2E320F5500EDBDF1 /* 2025-02-12--2025-02-13.json in Resources */,
				2DAF582B2E320F5500EDBDF1 /* 2025-04-14--2025-04-15.json in Resources */,
				2DAF582C2E320F5500EDBDF1 /* 2025-05-24--2025-05-25.json in Resources */,
				2DAF582D2E320F5500EDBDF1 /* 2025-01-09--2025-01-10.json in Resources */,
				2DAF582E2E320F5500EDBDF1 /* 2025-02-23--2025-02-24.json in Resources */,
				2DAF582F2E320F5500EDBDF1 /* 2025-03-04--2025-03-05.json in Resources */,
				2DAF58302E320F5500EDBDF1 /* 2025-03-26--2025-03-27.json in Resources */,
				2DAF58312E320F5500EDBDF1 /* 2025-05-29--2025-05-30.json in Resources */,
				2DAF58322E320F5500EDBDF1 /* 2025-01-08--2025-01-09.json in Resources */,
				2DAF58332E320F5500EDBDF1 /* 2025-03-05--2025-03-06.json in Resources */,
				2DAF58342E320F5500EDBDF1 /* 2025-04-09--2025-04-10.json in Resources */,
				2DAF58352E320F5500EDBDF1 /* 2025-03-13--2025-03-14.json in Resources */,
				2DAF58362E320F5500EDBDF1 /* 2025-05-09--2025-05-10.json in Resources */,
				2DAF58372E320F5500EDBDF1 /* 2025-04-25--2025-04-26.json in Resources */,
				2DAF58382E320F5500EDBDF1 /* 2025-01-15--2025-01-16.json in Resources */,
				2DAF58392E320F5500EDBDF1 /* 2025-01-12--2025-01-13.json in Resources */,
				2DAF583A2E320F5500EDBDF1 /* 2025-05-04--2025-05-05.json in Resources */,
				2DAF583B2E320F5500EDBDF1 /* 2025-04-27--2025-04-28.json in Resources */,
				2DAF583C2E320F5500EDBDF1 /* 2025-02-11--2025-02-12.json in Resources */,
				2DAF583D2E320F5500EDBDF1 /* 2025-01-23--2025-01-24.json in Resources */,
				2DAF583E2E320F5500EDBDF1 /* 2025-01-19--2025-01-20.json in Resources */,
				2DAF583F2E320F5500EDBDF1 /* 2025-02-27--2025-02-28.json in Resources */,
				2DAF58402E320F5500EDBDF1 /* 2025-03-31--2025-04-01.json in Resources */,
				2DAF58412E320F5500EDBDF1 /* 2025-05-07--2025-05-08.json in Resources */,
				2DAF58422E320F5500EDBDF1 /* 2025-06-06--2025-06-07.json in Resources */,
				2DAF58432E320F5500EDBDF1 /* 2025-05-17--2025-05-18.json in Resources */,
				2DAF58442E320F5500EDBDF1 /* 2025-02-24--2025-02-25.json in Resources */,
				2DAF58452E320F5500EDBDF1 /* 2025-03-14--2025-03-15.json in Resources */,
				2DAF58462E320F5500EDBDF1 /* 2025-01-18--2025-01-19.json in Resources */,
				2DAF58472E320F5500EDBDF1 /* 2025-02-08--2025-02-09.json in Resources */,
				2DAF58482E320F5500EDBDF1 /* 2025-05-28--2025-05-29.json in Resources */,
				2DAF58492E320F5500EDBDF1 /* 2025-04-08--2025-04-09.json in Resources */,
				2DAF584A2E320F5500EDBDF1 /* 2025-03-20--2025-03-21.json in Resources */,
				2DAF584B2E320F5500EDBDF1 /* 2025-05-18--2025-05-19.json in Resources */,
				2DAF584C2E320F5500EDBDF1 /* 2025-03-08--2025-03-09.json in Resources */,
				2DAF584D2E320F5500EDBDF1 /* 2025-06-13--2025-06-14.json in Resources */,
				2DAF584E2E320F5500EDBDF1 /* 2025-04-18--2025-04-19.json in Resources */,
				2DAF584F2E320F5500EDBDF1 /* 2025-02-18--2025-02-19.json in Resources */,
				2DAF58502E320F5500EDBDF1 /* 2025-05-19--2025-05-20.json in Resources */,
				2DAF58512E320F5500EDBDF1 /* 2025-04-02--2025-04-03.json in Resources */,
				2DAF58522E320F5500EDBDF1 /* 2025-02-17--2025-02-18.json in Resources */,
				2DAF58532E320F5500EDBDF1 /* 2025-06-17--2025-06-18.json in Resources */,
				2DAF58542E320F5500EDBDF1 /* 2025-04-17--2025-04-18.json in Resources */,
				2DAF58552E320F5500EDBDF1 /* 2025-01-14--2025-01-15.json in Resources */,
				2DAF58562E320F5500EDBDF1 /* 2025-01-13--2025-01-14.json in Resources */,
				2DAF58572E320F5500EDBDF1 /* 2025-03-15--2025-03-16.json in Resources */,
				2DAF58582E320F5500EDBDF1 /* 2025-04-15--2025-04-16.json in Resources */,
				2DAF58592E320F5500EDBDF1 /* 2025-06-03--2025-06-04.json in Resources */,
				2DAF585A2E320F5500EDBDF1 /* 2025-01-29--2025-01-30.json in Resources */,
				2DAF585B2E320F5500EDBDF1 /* 2025-02-13--2025-02-14.json in Resources */,
				2DAF585C2E320F5500EDBDF1 /* 2025-03-18--2025-03-19.json in Resources */,
				2DAF585D2E320F5500EDBDF1 /* 2025-06-01--2025-06-02.json in Resources */,
				2DAF585E2E320F5500EDBDF1 /* 2025-01-28--2025-01-29.json in Resources */,
				2DAF585F2E320F5500EDBDF1 /* 2025-06-07--2025-06-08.json in Resources */,
				2DAF58602E320F5500EDBDF1 /* 2025-04-24--2025-04-25.json in Resources */,
				2DAF58612E320F5500EDBDF1 /* 2025-04-05--2025-04-06.json in Resources */,
				2DAF58622E320F5500EDBDF1 /* 2025-05-15--2025-05-16.json in Resources */,
				2DAF58632E320F5500EDBDF1 /* 2025-05-10--2025-05-11.json in Resources */,
				2DAF58642E320F5500EDBDF1 /* 2025-04-29--2025-04-30.json in Resources */,
				2DAF58652E320F5500EDBDF1 /* 2025-06-11--2025-06-12.json in Resources */,
				2DAF58662E320F5500EDBDF1 /* 2025-03-25--2025-03-26.json in Resources */,
				2DAF58672E320F5500EDBDF1 /* 2025-03-11--2025-03-12.json in Resources */,
				2DAF58682E320F5500EDBDF1 /* 2025-01-20--2025-01-21.json in Resources */,
				2DAF58692E320F5500EDBDF1 /* 2025-03-23--2025-03-24.json in Resources */,
				2DAF586A2E320F5500EDBDF1 /* 2025-04-19--2025-04-20.json in Resources */,
				2DAF586B2E320F5500EDBDF1 /* 2025-05-05--2025-05-06.json in Resources */,
				2DAF586C2E320F5500EDBDF1 /* 2025-06-04--2025-06-05.json in Resources */,
				2DAF586D2E320F5500EDBDF1 /* 2025-04-23--2025-04-24.json in Resources */,
				2DAF586E2E320F5500EDBDF1 /* 2025-01-04--2025-01-05.json in Resources */,
				2DAF586F2E320F5500EDBDF1 /* 2025-01-30--2025-01-31.json in Resources */,
				2DAF58702E320F5500EDBDF1 /* 2025-05-03--2025-05-04.json in Resources */,
				2DAF58712E320F5500EDBDF1 /* 2025-06-12--2025-06-13.json in Resources */,
				2DAF58722E320F5500EDBDF1 /* 2025-02-06--2025-02-07.json in Resources */,
				2DAF58732E320F5500EDBDF1 /* 2025-04-07--2025-04-08.json in Resources */,
				2DAF58742E320F5500EDBDF1 /* 2025-01-24--2025-01-25.json in Resources */,
				2DAF58752E320F5500EDBDF1 /* 2025-01-22--2025-01-23.json in Resources */,
				2DAF58762E320F5500EDBDF1 /* 2025-01-02--2025-01-03.json in Resources */,
				2DAF58772E320F5500EDBDF1 /* 2025-02-16--2025-02-17.json in Resources */,
				2DAF58782E320F5500EDBDF1 /* 2025-03-09--2025-03-10.json in Resources */,
				2DAF58792E320F5500EDBDF1 /* 2025-03-28--2025-03-29.json in Resources */,
				2DAF587A2E320F5500EDBDF1 /* 2025-03-29--2025-03-30.json in Resources */,
				2DAF587B2E320F5500EDBDF1 /* 2025-01-07--2025-01-08.json in Resources */,
				2DAF587C2E320F5500EDBDF1 /* 2025-02-28--2025-03-01.json in Resources */,
				2DAF587D2E320F5500EDBDF1 /* 2025-05-25--2025-05-26.json in Resources */,
				2DAF587E2E320F5500EDBDF1 /* 2025-05-27--2025-05-28.json in Resources */,
				2DAF587F2E320F5500EDBDF1 /* 2025-04-13--2025-04-14.json in Resources */,
				2DAF58802E320F5500EDBDF1 /* 2025-02-21--2025-02-22.json in Resources */,
				2DAF58812E320F5500EDBDF1 /* 2025-04-04--2025-04-05.json in Resources */,
				2DAF58822E320F5500EDBDF1 /* 2025-02-14--2025-02-15.json in Resources */,
				2DAF58832E320F5500EDBDF1 /* 2025-01-27--2025-01-28.json in Resources */,
				2DAF58842E320F5500EDBDF1 /* 2025-05-08--2025-05-09.json in Resources */,
				2DAF58852E320F5500EDBDF1 /* 2025-01-17--2025-01-18.json in Resources */,
				2DAF58862E320F5500EDBDF1 /* 2025-03-10--2025-03-11.json in Resources */,
				2DAF58872E320F5500EDBDF1 /* 2025-03-24--2025-03-25.json in Resources */,
				2DAF58882E320F5500EDBDF1 /* 2025-01-05--2025-01-06.json in Resources */,
				2DAF58892E320F5500EDBDF1 /* 2025-05-02--2025-05-03.json in Resources */,
				2DAF588A2E320F5500EDBDF1 /* 2025-02-19--2025-02-20.json in Resources */,
				2DAF588B2E320F5500EDBDF1 /* 2025-04-30--2025-05-01.json in Resources */,
				2DAF588C2E320F5500EDBDF1 /* 2025-03-01--2025-03-02.json in Resources */,
				2DAF588D2E320F5500EDBDF1 /* 2025-04-12--2025-04-13.json in Resources */,
				2DAF588E2E320F5500EDBDF1 /* 2025-05-22--2025-05-23.json in Resources */,
				2DAF588F2E320F5500EDBDF1 /* 2025-02-03--2025-02-04.json in Resources */,
				2DEA411125D002E3008FA2A8 /* LaunchScreen.storyboard in Resources */,
				2DEA410E25D002E3008FA2A8 /* Assets.xcassets in Resources */,
				2D62DC1025DE4DF400A05E5E /* nahuoLoading.gif in Resources */,
				2DEA410C25D002E1008FA2A8 /* Main.storyboard in Resources */,
			);
			runOnlyForDeploymentPostprocessing = 0;
		};
		2DEA411725D002E3008FA2A8 /* Resources */ = {
			isa = PBXResourcesBuildPhase;
			buildActionMask = 2147483647;
			files = (
			);
			runOnlyForDeploymentPostprocessing = 0;
		};
		2DEA412225D002E3008FA2A8 /* Resources */ = {
			isa = PBXResourcesBuildPhase;
			buildActionMask = 2147483647;
			files = (
			);
			runOnlyForDeploymentPostprocessing = 0;
		};
/* End PBXResourcesBuildPhase section */

/* Begin PBXShellScriptBuildPhase section */
		2D59FEC91375BC2E30F1E06B /* [CP] Check Pods Manifest.lock */ = {
			isa = PBXShellScriptBuildPhase;
			buildActionMask = 2147483647;
			files = (
			);
			inputFileListPaths = (
			);
			inputPaths = (
				"${PODS_PODFILE_DIR_PATH}/Podfile.lock",
				"${PODS_ROOT}/Manifest.lock",
			);
			name = "[CP] Check Pods Manifest.lock";
			outputFileListPaths = (
			);
			outputPaths = (
				"$(DERIVED_FILE_DIR)/Pods-Frame-checkManifestLockResult.txt",
			);
			runOnlyForDeploymentPostprocessing = 0;
			shellPath = /bin/sh;
			shellScript = "diff \"${PODS_PODFILE_DIR_PATH}/Podfile.lock\" \"${PODS_ROOT}/Manifest.lock\" > /dev/null\nif [ $? != 0 ] ; then\n    # print error to STDERR\n    echo \"error: The sandbox is not in sync with the Podfile.lock. Run 'pod install' or update your CocoaPods installation.\" >&2\n    exit 1\nfi\n# This output is used by Xcode 'outputs' to avoid re-running this script phase.\necho \"SUCCESS\" > \"${SCRIPT_OUTPUT_FILE_0}\"\n";
			showEnvVarsInLog = 0;
		};
		89FCE452AEB4DC65E7764F10 /* [CP] Copy Pods Resources */ = {
			isa = PBXShellScriptBuildPhase;
			buildActionMask = 2147483647;
			files = (
			);
			inputFileListPaths = (
				"${PODS_ROOT}/Target Support Files/Pods-Frame/Pods-Frame-resources-${CONFIGURATION}-input-files.xcfilelist",
			);
			inputPaths = (
			);
			name = "[CP] Copy Pods Resources";
			outputFileListPaths = (
				"${PODS_ROOT}/Target Support Files/Pods-Frame/Pods-Frame-resources-${CONFIGURATION}-output-files.xcfilelist",
			);
			outputPaths = (
			);
			runOnlyForDeploymentPostprocessing = 0;
			shellPath = /bin/sh;
			shellScript = "\"${PODS_ROOT}/Target Support Files/Pods-Frame/Pods-Frame-resources.sh\"\n";
			showEnvVarsInLog = 0;
		};
/* End PBXShellScriptBuildPhase section */

/* Begin PBXSourcesBuildPhase section */
		2DEA40FA25D002E1008FA2A8 /* Sources */ = {
			isa = PBXSourcesBuildPhase;
			buildActionMask = 2147483647;
			files = (
				2DEA410925D002E1008FA2A8 /* ViewController.m in Sources */,
				2DEA410325D002E1008FA2A8 /* AppDelegate.m in Sources */,
				2DEA411425D002E3008FA2A8 /* main.m in Sources */,
				2DEA410625D002E1008FA2A8 /* SceneDelegate.m in Sources */,
			);
			runOnlyForDeploymentPostprocessing = 0;
		};
		2DEA411525D002E3008FA2A8 /* Sources */ = {
			isa = PBXSourcesBuildPhase;
			buildActionMask = 2147483647;
			files = (
				2DEA411E25D002E3008FA2A8 /* FrameTests.m in Sources */,
			);
			runOnlyForDeploymentPostprocessing = 0;
		};
		2DEA412025D002E3008FA2A8 /* Sources */ = {
			isa = PBXSourcesBuildPhase;
			buildActionMask = 2147483647;
			files = (
				2DEA412925D002E3008FA2A8 /* FrameUITests.m in Sources */,
			);
			runOnlyForDeploymentPostprocessing = 0;
		};
/* End PBXSourcesBuildPhase section */

/* Begin PBXTargetDependency section */
		2DEA411B25D002E3008FA2A8 /* PBXTargetDependency */ = {
			isa = PBXTargetDependency;
			target = 2DEA40FD25D002E1008FA2A8 /* Frame */;
			targetProxy = 2DEA411A25D002E3008FA2A8 /* PBXContainerItemProxy */;
		};
		2DEA412625D002E3008FA2A8 /* PBXTargetDependency */ = {
			isa = PBXTargetDependency;
			target = 2DEA40FD25D002E1008FA2A8 /* Frame */;
			targetProxy = 2DEA412525D002E3008FA2A8 /* PBXContainerItemProxy */;
		};
/* End PBXTargetDependency section */

/* Begin PBXVariantGroup section */
		2DEA410A25D002E1008FA2A8 /* Main.storyboard */ = {
			isa = PBXVariantGroup;
			children = (
				2DEA410B25D002E1008FA2A8 /* Base */,
			);
			name = Main.storyboard;
			sourceTree = "<group>";
		};
		2DEA410F25D002E3008FA2A8 /* LaunchScreen.storyboard */ = {
			isa = PBXVariantGroup;
			children = (
				2DEA411025D002E3008FA2A8 /* Base */,
			);
			name = LaunchScreen.storyboard;
			sourceTree = "<group>";
		};
/* End PBXVariantGroup section */

/* Begin XCBuildConfiguration section */
		2DEA412B25D002E3008FA2A8 /* Debug */ = {
			isa = XCBuildConfiguration;
			buildSettings = {
				ALWAYS_SEARCH_USER_PATHS = NO;
				CLANG_ANALYZER_NONNULL = YES;
				CLANG_ANALYZER_NUMBER_OBJECT_CONVERSION = YES_AGGRESSIVE;
				CLANG_CXX_LANGUAGE_STANDARD = "gnu++14";
				CLANG_CXX_LIBRARY = "libc++";
				CLANG_ENABLE_MODULES = YES;
				CLANG_ENABLE_OBJC_ARC = YES;
				CLANG_ENABLE_OBJC_WEAK = YES;
				CLANG_WARN_BLOCK_CAPTURE_AUTORELEASING = YES;
				CLANG_WARN_BOOL_CONVERSION = YES;
				CLANG_WARN_COMMA = YES;
				CLANG_WARN_CONSTANT_CONVERSION = YES;
				CLANG_WARN_DEPRECATED_OBJC_IMPLEMENTATIONS = YES;
				CLANG_WARN_DIRECT_OBJC_ISA_USAGE = YES_ERROR;
				CLANG_WARN_DOCUMENTATION_COMMENTS = YES;
				CLANG_WARN_EMPTY_BODY = YES;
				CLANG_WARN_ENUM_CONVERSION = YES;
				CLANG_WARN_INFINITE_RECURSION = YES;
				CLANG_WARN_INT_CONVERSION = YES;
				CLANG_WARN_NON_LITERAL_NULL_CONVERSION = YES;
				CLANG_WARN_OBJC_IMPLICIT_RETAIN_SELF = YES;
				CLANG_WARN_OBJC_LITERAL_CONVERSION = YES;
				CLANG_WARN_OBJC_ROOT_CLASS = YES_ERROR;
				CLANG_WARN_QUOTED_INCLUDE_IN_FRAMEWORK_HEADER = YES;
				CLANG_WARN_RANGE_LOOP_ANALYSIS = YES;
				CLANG_WARN_STRICT_PROTOTYPES = YES;
				CLANG_WARN_SUSPICIOUS_MOVE = YES;
				CLANG_WARN_UNGUARDED_AVAILABILITY = YES_AGGRESSIVE;
				CLANG_WARN_UNREACHABLE_CODE = YES;
				CLANG_WARN__DUPLICATE_METHOD_MATCH = YES;
				COPY_PHASE_STRIP = NO;
				DEBUG_INFORMATION_FORMAT = dwarf;
				ENABLE_STRICT_OBJC_MSGSEND = YES;
				ENABLE_TESTABILITY = YES;
				GCC_C_LANGUAGE_STANDARD = gnu11;
				GCC_DYNAMIC_NO_PIC = NO;
				GCC_NO_COMMON_BLOCKS = YES;
				GCC_OPTIMIZATION_LEVEL = 0;
				GCC_PREPROCESSOR_DEFINITIONS = (
					"DEBUG=1",
					"$(inherited)",
				);
				GCC_WARN_64_TO_32_BIT_CONVERSION = YES;
				GCC_WARN_ABOUT_RETURN_TYPE = YES_ERROR;
				GCC_WARN_UNDECLARED_SELECTOR = YES;
				GCC_WARN_UNINITIALIZED_AUTOS = YES_AGGRESSIVE;
				GCC_WARN_UNUSED_FUNCTION = YES;
				GCC_WARN_UNUSED_VARIABLE = YES;
				IPHONEOS_DEPLOYMENT_TARGET = 14.4;
				MTL_ENABLE_DEBUG_INFO = INCLUDE_SOURCE;
				MTL_FAST_MATH = YES;
				ONLY_ACTIVE_ARCH = YES;
				SDKROOT = iphoneos;
			};
			name = Debug;
		};
		2DEA412C25D002E3008FA2A8 /* Release */ = {
			isa = XCBuildConfiguration;
			buildSettings = {
				ALWAYS_SEARCH_USER_PATHS = NO;
				CLANG_ANALYZER_NONNULL = YES;
				CLANG_ANALYZER_NUMBER_OBJECT_CONVERSION = YES_AGGRESSIVE;
				CLANG_CXX_LANGUAGE_STANDARD = "gnu++14";
				CLANG_CXX_LIBRARY = "libc++";
				CLANG_ENABLE_MODULES = YES;
				CLANG_ENABLE_OBJC_ARC = YES;
				CLANG_ENABLE_OBJC_WEAK = YES;
				CLANG_WARN_BLOCK_CAPTURE_AUTORELEASING = YES;
				CLANG_WARN_BOOL_CONVERSION = YES;
				CLANG_WARN_COMMA = YES;
				CLANG_WARN_CONSTANT_CONVERSION = YES;
				CLANG_WARN_DEPRECATED_OBJC_IMPLEMENTATIONS = YES;
				CLANG_WARN_DIRECT_OBJC_ISA_USAGE = YES_ERROR;
				CLANG_WARN_DOCUMENTATION_COMMENTS = YES;
				CLANG_WARN_EMPTY_BODY = YES;
				CLANG_WARN_ENUM_CONVERSION = YES;
				CLANG_WARN_INFINITE_RECURSION = YES;
				CLANG_WARN_INT_CONVERSION = YES;
				CLANG_WARN_NON_LITERAL_NULL_CONVERSION = YES;
				CLANG_WARN_OBJC_IMPLICIT_RETAIN_SELF = YES;
				CLANG_WARN_OBJC_LITERAL_CONVERSION = YES;
				CLANG_WARN_OBJC_ROOT_CLASS = YES_ERROR;
				CLANG_WARN_QUOTED_INCLUDE_IN_FRAMEWORK_HEADER = YES;
				CLANG_WARN_RANGE_LOOP_ANALYSIS = YES;
				CLANG_WARN_STRICT_PROTOTYPES = YES;
				CLANG_WARN_SUSPICIOUS_MOVE = YES;
				CLANG_WARN_UNGUARDED_AVAILABILITY = YES_AGGRESSIVE;
				CLANG_WARN_UNREACHABLE_CODE = YES;
				CLANG_WARN__DUPLICATE_METHOD_MATCH = YES;
				COPY_PHASE_STRIP = NO;
				DEBUG_INFORMATION_FORMAT = "dwarf-with-dsym";
				ENABLE_NS_ASSERTIONS = NO;
				ENABLE_STRICT_OBJC_MSGSEND = YES;
				GCC_C_LANGUAGE_STANDARD = gnu11;
				GCC_NO_COMMON_BLOCKS = YES;
				GCC_WARN_64_TO_32_BIT_CONVERSION = YES;
				GCC_WARN_ABOUT_RETURN_TYPE = YES_ERROR;
				GCC_WARN_UNDECLARED_SELECTOR = YES;
				GCC_WARN_UNINITIALIZED_AUTOS = YES_AGGRESSIVE;
				GCC_WARN_UNUSED_FUNCTION = YES;
				GCC_WARN_UNUSED_VARIABLE = YES;
				IPHONEOS_DEPLOYMENT_TARGET = 14.4;
				MTL_ENABLE_DEBUG_INFO = NO;
				MTL_FAST_MATH = YES;
				SDKROOT = iphoneos;
				VALIDATE_PRODUCT = YES;
			};
			name = Release;
		};
		2DEA412E25D002E3008FA2A8 /* Debug */ = {
			isa = XCBuildConfiguration;
			baseConfigurationReference = 61AE22E663010AFFE916651C /* Pods-Frame.debug.xcconfig */;
			buildSettings = {
				ASSETCATALOG_COMPILER_APPICON_NAME = AppIcon;
				ASSETCATALOG_COMPILER_GLOBAL_ACCENT_COLOR_NAME = AccentColor;
				CLANG_ENABLE_MODULES = YES;
				CODE_SIGN_STYLE = Automatic;
				DEVELOPMENT_TEAM = 65VAKX7D88;
				GCC_PRECOMPILE_PREFIX_HEADER = YES;
				GCC_PREFIX_HEADER = "Frame/Base/BaseFile/Frame-Bridging-Header.pch";
				INFOPLIST_FILE = Frame/Info.plist;
				IPHONEOS_DEPLOYMENT_TARGET = 14.1;
				LD_RUNPATH_SEARCH_PATHS = (
					"$(inherited)",
					"@executable_path/Frameworks",
				);
				PRODUCT_BUNDLE_IDENTIFIER = com.naxos.apple.moods;
				PRODUCT_NAME = "$(TARGET_NAME)";
				SWIFT_OBJC_BRIDGING_HEADER = "Frame/Base/BaseFile/Frame-Bridging-Header.h";
				SWIFT_OPTIMIZATION_LEVEL = "-Onone";
				SWIFT_VERSION = 5.0;
				TARGETED_DEVICE_FAMILY = 1;
			};
			name = Debug;
		};
		2DEA412F25D002E3008FA2A8 /* Release */ = {
			isa = XCBuildConfiguration;
			baseConfigurationReference = 31505FBBC6600852BC7E2D0F /* Pods-Frame.release.xcconfig */;
			buildSettings = {
				ASSETCATALOG_COMPILER_APPICON_NAME = AppIcon;
				ASSETCATALOG_COMPILER_GLOBAL_ACCENT_COLOR_NAME = AccentColor;
				CLANG_ENABLE_MODULES = YES;
				CODE_SIGN_STYLE = Automatic;
				DEVELOPMENT_TEAM = 65VAKX7D88;
				GCC_PRECOMPILE_PREFIX_HEADER = YES;
				GCC_PREFIX_HEADER = "Frame/Base/BaseFile/Frame-Bridging-Header.pch";
				INFOPLIST_FILE = Frame/Info.plist;
				IPHONEOS_DEPLOYMENT_TARGET = 14.1;
				LD_RUNPATH_SEARCH_PATHS = (
					"$(inherited)",
					"@executable_path/Frameworks",
				);
				PRODUCT_BUNDLE_IDENTIFIER = com.naxos.apple.moods;
				PRODUCT_NAME = "$(TARGET_NAME)";
				SWIFT_OBJC_BRIDGING_HEADER = "Frame/Base/BaseFile/Frame-Bridging-Header.h";
				SWIFT_VERSION = 5.0;
				TARGETED_DEVICE_FAMILY = 1;
			};
			name = Release;
		};
		2DEA413125D002E3008FA2A8 /* Debug */ = {
			isa = XCBuildConfiguration;
			buildSettings = {
				BUNDLE_LOADER = "$(TEST_HOST)";
				CODE_SIGN_STYLE = Automatic;
				DEVELOPMENT_TEAM = X899RN3276;
				INFOPLIST_FILE = FrameTests/Info.plist;
				IPHONEOS_DEPLOYMENT_TARGET = 14.4;
				LD_RUNPATH_SEARCH_PATHS = (
					"$(inherited)",
					"@executable_path/Frameworks",
					"@loader_path/Frameworks",
				);
				PRODUCT_BUNDLE_IDENTIFIER = fenghanxu.FrameTests;
				PRODUCT_NAME = "$(TARGET_NAME)";
				TARGETED_DEVICE_FAMILY = "1,2";
				TEST_HOST = "$(BUILT_PRODUCTS_DIR)/Frame.app/Frame";
			};
			name = Debug;
		};
		2DEA413225D002E3008FA2A8 /* Release */ = {
			isa = XCBuildConfiguration;
			buildSettings = {
				BUNDLE_LOADER = "$(TEST_HOST)";
				CODE_SIGN_STYLE = Automatic;
				DEVELOPMENT_TEAM = X899RN3276;
				INFOPLIST_FILE = FrameTests/Info.plist;
				IPHONEOS_DEPLOYMENT_TARGET = 14.4;
				LD_RUNPATH_SEARCH_PATHS = (
					"$(inherited)",
					"@executable_path/Frameworks",
					"@loader_path/Frameworks",
				);
				PRODUCT_BUNDLE_IDENTIFIER = fenghanxu.FrameTests;
				PRODUCT_NAME = "$(TARGET_NAME)";
				TARGETED_DEVICE_FAMILY = "1,2";
				TEST_HOST = "$(BUILT_PRODUCTS_DIR)/Frame.app/Frame";
			};
			name = Release;
		};
		2DEA413425D002E3008FA2A8 /* Debug */ = {
			isa = XCBuildConfiguration;
			buildSettings = {
				CODE_SIGN_STYLE = Automatic;
				DEVELOPMENT_TEAM = X899RN3276;
				INFOPLIST_FILE = FrameUITests/Info.plist;
				LD_RUNPATH_SEARCH_PATHS = (
					"$(inherited)",
					"@executable_path/Frameworks",
					"@loader_path/Frameworks",
				);
				PRODUCT_BUNDLE_IDENTIFIER = fenghanxu.FrameUITests;
				PRODUCT_NAME = "$(TARGET_NAME)";
				TARGETED_DEVICE_FAMILY = "1,2";
				TEST_TARGET_NAME = Frame;
			};
			name = Debug;
		};
		2DEA413525D002E3008FA2A8 /* Release */ = {
			isa = XCBuildConfiguration;
			buildSettings = {
				CODE_SIGN_STYLE = Automatic;
				DEVELOPMENT_TEAM = X899RN3276;
				INFOPLIST_FILE = FrameUITests/Info.plist;
				LD_RUNPATH_SEARCH_PATHS = (
					"$(inherited)",
					"@executable_path/Frameworks",
					"@loader_path/Frameworks",
				);
				PRODUCT_BUNDLE_IDENTIFIER = fenghanxu.FrameUITests;
				PRODUCT_NAME = "$(TARGET_NAME)";
				TARGETED_DEVICE_FAMILY = "1,2";
				TEST_TARGET_NAME = Frame;
			};
			name = Release;
		};
/* End XCBuildConfiguration section */

/* Begin XCConfigurationList section */
		2DEA40F925D002E1008FA2A8 /* Build configuration list for PBXProject "Frame" */ = {
			isa = XCConfigurationList;
			buildConfigurations = (
				2DEA412B25D002E3008FA2A8 /* Debug */,
				2DEA412C25D002E3008FA2A8 /* Release */,
			);
			defaultConfigurationIsVisible = 0;
			defaultConfigurationName = Release;
		};
		2DEA412D25D002E3008FA2A8 /* Build configuration list for PBXNativeTarget "Frame" */ = {
			isa = XCConfigurationList;
			buildConfigurations = (
				2DEA412E25D002E3008FA2A8 /* Debug */,
				2DEA412F25D002E3008FA2A8 /* Release */,
			);
			defaultConfigurationIsVisible = 0;
			defaultConfigurationName = Release;
		};
		2DEA413025D002E3008FA2A8 /* Build configuration list for PBXNativeTarget "FrameTests" */ = {
			isa = XCConfigurationList;
			buildConfigurations = (
				2DEA413125D002E3008FA2A8 /* Debug */,
				2DEA413225D002E3008FA2A8 /* Release */,
			);
			defaultConfigurationIsVisible = 0;
			defaultConfigurationName = Release;
		};
		2DEA413325D002E3008FA2A8 /* Build configuration list for PBXNativeTarget "FrameUITests" */ = {
			isa = XCConfigurationList;
			buildConfigurations = (
				2DEA413425D002E3008FA2A8 /* Debug */,
				2DEA413525D002E3008FA2A8 /* Release */,
			);
			defaultConfigurationIsVisible = 0;
			defaultConfigurationName = Release;
		};
/* End XCConfigurationList section */
	};
	rootObject = 2DEA40F625D002E1008FA2A8 /* Project object */;
}
